// !$*UTF8*$!
{
	archiveVersion = 1;
	classes = {
	};
	objectVersion = 55;
	objects = {

/* Begin PBXBuildFile section */
		740144CC27DBF73C00686AB5 /* ValidateFeedCacheUseCaseTests.swift in Sources */ = {isa = PBXBuildFile; fileRef = 740144CB27DBF73C00686AB5 /* ValidateFeedCacheUseCaseTests.swift */; };
		740144CE27DBFD3C00686AB5 /* FeedCacheTestHelpers.swift in Sources */ = {isa = PBXBuildFile; fileRef = 740144CD27DBFD3C00686AB5 /* FeedCacheTestHelpers.swift */; };
		740144D027DBFDCB00686AB5 /* SharedTestHelpers.swift in Sources */ = {isa = PBXBuildFile; fileRef = 740144CF27DBFDCB00686AB5 /* SharedTestHelpers.swift */; };
		740506E027FE19EB001A402B /* Feed.storyboard in Resources */ = {isa = PBXBuildFile; fileRef = 740506DF27FE19EB001A402B /* Feed.storyboard */; };
		740506E227FE1A47001A402B /* Feed.xcassets in Resources */ = {isa = PBXBuildFile; fileRef = 740506E127FE1A47001A402B /* Feed.xcassets */; };
		740506E427FE3767001A402B /* UITableView+Dequeueing.swift in Sources */ = {isa = PBXBuildFile; fileRef = 740506E327FE3767001A402B /* UITableView+Dequeueing.swift */; };
		740506E627FE3A68001A402B /* UIImageView+Animations.swift in Sources */ = {isa = PBXBuildFile; fileRef = 740506E527FE3A68001A402B /* UIImageView+Animations.swift */; };
		7405733227E90BD700CCD822 /* XCTestCase+FailableRetrieveFeedStoreSpecs.swift in Sources */ = {isa = PBXBuildFile; fileRef = 7405733127E90BD700CCD822 /* XCTestCase+FailableRetrieveFeedStoreSpecs.swift */; };
		7405733427E90C7700CCD822 /* XCTestCase+FailableInsertFeedStoreSpecs.swift in Sources */ = {isa = PBXBuildFile; fileRef = 7405733327E90C7700CCD822 /* XCTestCase+FailableInsertFeedStoreSpecs.swift */; };
		7405733627E90D1000CCD822 /* XCTestCase+FailableDeleteFeedStoreSpecs.swift in Sources */ = {isa = PBXBuildFile; fileRef = 7405733527E90D1000CCD822 /* XCTestCase+FailableDeleteFeedStoreSpecs.swift */; };
		7414EACA27C2E9CB00A2E396 /* URLSessionHTTPClientTests.swift in Sources */ = {isa = PBXBuildFile; fileRef = 7414EAC927C2E9CB00A2E396 /* URLSessionHTTPClientTests.swift */; };
		741A56DC27FED6AC006BF9C5 /* UIImage+TestHelpers.swift in Sources */ = {isa = PBXBuildFile; fileRef = 741A56DB27FED6AC006BF9C5 /* UIImage+TestHelpers.swift */; };
		741A56DE27FED6B6006BF9C5 /* UIRefreshControl+TestHelpers.swift in Sources */ = {isa = PBXBuildFile; fileRef = 741A56DD27FED6B6006BF9C5 /* UIRefreshControl+TestHelpers.swift */; };
		741A56E027FED6BE006BF9C5 /* UIButton+TestHelpers.swift in Sources */ = {isa = PBXBuildFile; fileRef = 741A56DF27FED6BE006BF9C5 /* UIButton+TestHelpers.swift */; };
		741A56E227FED6C7006BF9C5 /* UIControl+TestHelpers.swift in Sources */ = {isa = PBXBuildFile; fileRef = 741A56E127FED6C7006BF9C5 /* UIControl+TestHelpers.swift */; };
		741A56E727FED765006BF9C5 /* FeedViewController+TestHelpers.swift in Sources */ = {isa = PBXBuildFile; fileRef = 741A56E627FED765006BF9C5 /* FeedViewController+TestHelpers.swift */; };
		741A56E927FED787006BF9C5 /* FeedImageCell+TestHelpers.swift in Sources */ = {isa = PBXBuildFile; fileRef = 741A56E827FED787006BF9C5 /* FeedImageCell+TestHelpers.swift */; };
		741A56EB27FED799006BF9C5 /* FeedViewControllerTests+LoaderSpy.swift in Sources */ = {isa = PBXBuildFile; fileRef = 741A56EA27FED799006BF9C5 /* FeedViewControllerTests+LoaderSpy.swift */; };
		741A56ED27FED79F006BF9C5 /* FeedViewControllerTests+Assertions.swift in Sources */ = {isa = PBXBuildFile; fileRef = 741A56EC27FED79F006BF9C5 /* FeedViewControllerTests+Assertions.swift */; };
		741A56F127FEDE09006BF9C5 /* FeedViewControllerTests+Localization.swift in Sources */ = {isa = PBXBuildFile; fileRef = 741A56F027FEDE09006BF9C5 /* FeedViewControllerTests+Localization.swift */; };
		741A56F227FEDF5E006BF9C5 /* Feed.strings in Resources */ = {isa = PBXBuildFile; fileRef = 741A56F427FEDF5E006BF9C5 /* Feed.strings */; };
		741A56F927FEDFD0006BF9C5 /* FeedLocalizationTests.swift in Sources */ = {isa = PBXBuildFile; fileRef = 741A56F827FEDFD0006BF9C5 /* FeedLocalizationTests.swift */; };
		7420DF8727F1A38700B37F52 /* EssentialFeediOS.framework in Frameworks */ = {isa = PBXBuildFile; fileRef = 7420DF7F27F1A38600B37F52 /* EssentialFeediOS.framework */; };
		7420DF9527F1B7B600B37F52 /* FeedUIIntegrationTests.swift in Sources */ = {isa = PBXBuildFile; fileRef = 7420DF9427F1B7B600B37F52 /* FeedUIIntegrationTests.swift */; };
		7420DF9727F1BD8500B37F52 /* EssentialFeed.framework in Frameworks */ = {isa = PBXBuildFile; fileRef = 74E7CD1227B7C0D60026FB06 /* EssentialFeed.framework */; };
		7420DF9827F1BD8500B37F52 /* EssentialFeed.framework in Embed Frameworks */ = {isa = PBXBuildFile; fileRef = 74E7CD1227B7C0D60026FB06 /* EssentialFeed.framework */; settings = {ATTRIBUTES = (CodeSignOnCopy, RemoveHeadersOnCopy, ); }; };
		7420DF9C27F1BDD500B37F52 /* XCTestCase+MemoryLeakTracking.swift in Sources */ = {isa = PBXBuildFile; fileRef = 7444F86E27C942400094891B /* XCTestCase+MemoryLeakTracking.swift */; };
		7420DF9E27F1C47A00B37F52 /* FeedViewController.swift in Sources */ = {isa = PBXBuildFile; fileRef = 7420DF9D27F1C47A00B37F52 /* FeedViewController.swift */; };
		743E4F3F27D8F7530043737A /* LoadFeedUseCaseTests.swift in Sources */ = {isa = PBXBuildFile; fileRef = 743E4F3E27D8F7530043737A /* LoadFeedUseCaseTests.swift */; };
		743E4F4227D8F7B90043737A /* FeedStoreSpy.swift in Sources */ = {isa = PBXBuildFile; fileRef = 743E4F4127D8F7B90043737A /* FeedStoreSpy.swift */; };
		7443456327EDD1BD007E645A /* CoreDataFeedStoreTests.swift in Sources */ = {isa = PBXBuildFile; fileRef = 7443456227EDD1BD007E645A /* CoreDataFeedStoreTests.swift */; };
		7443456627EDD409007E645A /* FeedStore.xcdatamodeld in Sources */ = {isa = PBXBuildFile; fileRef = 7443456427EDD409007E645A /* FeedStore.xcdatamodeld */; };
		7443456827EDD54B007E645A /* CoreDataFeedStore.swift in Sources */ = {isa = PBXBuildFile; fileRef = 7443456727EDD54B007E645A /* CoreDataFeedStore.swift */; };
		7443456D27EDFC44007E645A /* CoreDataHelpers.swift in Sources */ = {isa = PBXBuildFile; fileRef = 7443456C27EDFC44007E645A /* CoreDataHelpers.swift */; };
		7443456F27EDFCC3007E645A /* ManagedCache.swift in Sources */ = {isa = PBXBuildFile; fileRef = 7443456E27EDFCC3007E645A /* ManagedCache.swift */; };
		7443457127EDFCCB007E645A /* ManagedFeedImage.swift in Sources */ = {isa = PBXBuildFile; fileRef = 7443457027EDFCCB007E645A /* ManagedFeedImage.swift */; };
		7443457927EE3AEA007E645A /* EssentialFeedCacheIntegrationTests.swift in Sources */ = {isa = PBXBuildFile; fileRef = 7443457827EE3AEA007E645A /* EssentialFeedCacheIntegrationTests.swift */; };
		7443457A27EE3AEA007E645A /* EssentialFeed.framework in Frameworks */ = {isa = PBXBuildFile; fileRef = 74E7CD1227B7C0D60026FB06 /* EssentialFeed.framework */; };
		7443458027EE3C9F007E645A /* XCTestCase+MemoryLeakTracking.swift in Sources */ = {isa = PBXBuildFile; fileRef = 7444F86E27C942400094891B /* XCTestCase+MemoryLeakTracking.swift */; };
		7443458127EE4044007E645A /* FeedCacheTestHelpers.swift in Sources */ = {isa = PBXBuildFile; fileRef = 740144CD27DBFD3C00686AB5 /* FeedCacheTestHelpers.swift */; };
		7443458227EE4055007E645A /* SharedTestHelpers.swift in Sources */ = {isa = PBXBuildFile; fileRef = 740144CF27DBFDCB00686AB5 /* SharedTestHelpers.swift */; };
		7444F86F27C942400094891B /* XCTestCase+MemoryLeakTracking.swift in Sources */ = {isa = PBXBuildFile; fileRef = 7444F86E27C942400094891B /* XCTestCase+MemoryLeakTracking.swift */; };
		7450582C27CF649D0016D126 /* EssentialFeedAPIEndToEndTests.swift in Sources */ = {isa = PBXBuildFile; fileRef = 7450582B27CF649D0016D126 /* EssentialFeedAPIEndToEndTests.swift */; };
		7450582D27CF649D0016D126 /* EssentialFeed.framework in Frameworks */ = {isa = PBXBuildFile; fileRef = 74E7CD1227B7C0D60026FB06 /* EssentialFeed.framework */; };
		7450583327CF6EE80016D126 /* XCTestCase+MemoryLeakTracking.swift in Sources */ = {isa = PBXBuildFile; fileRef = 7444F86E27C942400094891B /* XCTestCase+MemoryLeakTracking.swift */; };
		745F40CA27BED545007CDC2E /* HTTPClient.swift in Sources */ = {isa = PBXBuildFile; fileRef = 745F40C927BED545007CDC2E /* HTTPClient.swift */; };
		745F40CC27BED56E007CDC2E /* FeedItemsMapper.swift in Sources */ = {isa = PBXBuildFile; fileRef = 745F40CB27BED56E007CDC2E /* FeedItemsMapper.swift */; };
		747FB48727B82EB800373370 /* RemoteFeedLoader.swift in Sources */ = {isa = PBXBuildFile; fileRef = 747FB48627B82EB800373370 /* RemoteFeedLoader.swift */; };
		748D134927F9DA4200DEA122 /* FeedImageCell.swift in Sources */ = {isa = PBXBuildFile; fileRef = 748D134827F9DA4200DEA122 /* FeedImageCell.swift */; };
		748D134B27FA271200DEA122 /* UIView+Shimmering.swift in Sources */ = {isa = PBXBuildFile; fileRef = 748D134A27FA271200DEA122 /* UIView+Shimmering.swift */; };
		7493CEEF27E63DD100049903 /* FeedStoreSpecs.swift in Sources */ = {isa = PBXBuildFile; fileRef = 7493CEEE27E63DD100049903 /* FeedStoreSpecs.swift */; };
		7493CEF127E63E0500049903 /* XCTestCase+FeedStoreSpecs.swift in Sources */ = {isa = PBXBuildFile; fileRef = 7493CEF027E63E0500049903 /* XCTestCase+FeedStoreSpecs.swift */; };
		74A4348027D3E9260036F7B7 /* CacheFeedUseCaseTests.swift in Sources */ = {isa = PBXBuildFile; fileRef = 74A4347F27D3E9260036F7B7 /* CacheFeedUseCaseTests.swift */; };
		74A4349127D4DA1E0036F7B7 /* LocalFeedLoader.swift in Sources */ = {isa = PBXBuildFile; fileRef = 74A4349027D4DA1E0036F7B7 /* LocalFeedLoader.swift */; };
		74A4349327D4DA690036F7B7 /* FeedStore.swift in Sources */ = {isa = PBXBuildFile; fileRef = 74A4349227D4DA690036F7B7 /* FeedStore.swift */; };
		74AC2EE527D76DAD009711C4 /* RemoteFeedItem.swift in Sources */ = {isa = PBXBuildFile; fileRef = 74AC2EE427D76DAD009711C4 /* RemoteFeedItem.swift */; };
		74AC2EE727D76DD3009711C4 /* LocalFeedImage.swift in Sources */ = {isa = PBXBuildFile; fileRef = 74AC2EE627D76DD3009711C4 /* LocalFeedImage.swift */; };
		74AE38EC27FD8D90000CF54E /* FeedPresenter.swift in Sources */ = {isa = PBXBuildFile; fileRef = 74AE38EB27FD8D90000CF54E /* FeedPresenter.swift */; };
		74AE38EE27FD972B000CF54E /* FeedImagePresenter.swift in Sources */ = {isa = PBXBuildFile; fileRef = 74AE38ED27FD972B000CF54E /* FeedImagePresenter.swift */; };
		74AE38F027FD9FE0000CF54E /* FeedLoadingViewModel.swift in Sources */ = {isa = PBXBuildFile; fileRef = 74AE38EF27FD9FE0000CF54E /* FeedLoadingViewModel.swift */; };
		74AE38F227FD9FE7000CF54E /* FeedViewModel.swift in Sources */ = {isa = PBXBuildFile; fileRef = 74AE38F127FD9FE7000CF54E /* FeedViewModel.swift */; };
		74BD908C27DE8005004C020E /* FeedCachePolicy.swift in Sources */ = {isa = PBXBuildFile; fileRef = 74BD908B27DE8005004C020E /* FeedCachePolicy.swift */; };
		74C92FB327CA633D0098227C /* URLSessionHTTPClient.swift in Sources */ = {isa = PBXBuildFile; fileRef = 74C92FB227CA633D0098227C /* URLSessionHTTPClient.swift */; };
		74D165C827FC8BEA00F257A4 /* FeedImageViewModel.swift in Sources */ = {isa = PBXBuildFile; fileRef = 74D165C727FC8BEA00F257A4 /* FeedImageViewModel.swift */; };
		74E7CD1727B7C0D60026FB06 /* EssentialFeed.docc in Sources */ = {isa = PBXBuildFile; fileRef = 74E7CD1627B7C0D60026FB06 /* EssentialFeed.docc */; };
		74E7CD1D27B7C0D70026FB06 /* EssentialFeed.framework in Frameworks */ = {isa = PBXBuildFile; fileRef = 74E7CD1227B7C0D60026FB06 /* EssentialFeed.framework */; };
		74E7CD2327B7C0D70026FB06 /* EssentialFeed.h in Headers */ = {isa = PBXBuildFile; fileRef = 74E7CD1527B7C0D60026FB06 /* EssentialFeed.h */; settings = {ATTRIBUTES = (Public, ); }; };
		74E7CD2D27B7C1010026FB06 /* FeedImage.swift in Sources */ = {isa = PBXBuildFile; fileRef = 74E7CD2C27B7C1010026FB06 /* FeedImage.swift */; };
		74E7CD2F27B7C1BF0026FB06 /* FeedLoader.swift in Sources */ = {isa = PBXBuildFile; fileRef = 74E7CD2E27B7C1BF0026FB06 /* FeedLoader.swift */; };
		74E7CD3427B7D58E0026FB06 /* LoadFeedFromRemoteUseCaseTests.swift in Sources */ = {isa = PBXBuildFile; fileRef = 74E7CD3327B7D58E0026FB06 /* LoadFeedFromRemoteUseCaseTests.swift */; };
		74F4ED7B27FB866200F78D4D /* FeedImageDataLoader.swift in Sources */ = {isa = PBXBuildFile; fileRef = 74F4ED7A27FB866200F78D4D /* FeedImageDataLoader.swift */; };
		74F4ED8227FB8B3A00F78D4D /* FeedImageCellController.swift in Sources */ = {isa = PBXBuildFile; fileRef = 74F4ED8127FB8B3A00F78D4D /* FeedImageCellController.swift */; };
		74F4ED8527FB8DF700F78D4D /* FeedUIComposer.swift in Sources */ = {isa = PBXBuildFile; fileRef = 74F4ED8427FB8DF700F78D4D /* FeedUIComposer.swift */; };
/* End PBXBuildFile section */

/* Begin PBXContainerItemProxy section */
		7420DF8827F1A38700B37F52 /* PBXContainerItemProxy */ = {
			isa = PBXContainerItemProxy;
			containerPortal = 74E7CD0927B7C0D60026FB06 /* Project object */;
			proxyType = 1;
			remoteGlobalIDString = 7420DF7E27F1A38600B37F52;
			remoteInfo = EssentialFeediOS;
		};
		7420DF9927F1BD8500B37F52 /* PBXContainerItemProxy */ = {
			isa = PBXContainerItemProxy;
			containerPortal = 74E7CD0927B7C0D60026FB06 /* Project object */;
			proxyType = 1;
			remoteGlobalIDString = 74E7CD1127B7C0D60026FB06;
			remoteInfo = EssentialFeed;
		};
		7443457B27EE3AEA007E645A /* PBXContainerItemProxy */ = {
			isa = PBXContainerItemProxy;
			containerPortal = 74E7CD0927B7C0D60026FB06 /* Project object */;
			proxyType = 1;
			remoteGlobalIDString = 74E7CD1127B7C0D60026FB06;
			remoteInfo = EssentialFeed;
		};
		7450582E27CF649D0016D126 /* PBXContainerItemProxy */ = {
			isa = PBXContainerItemProxy;
			containerPortal = 74E7CD0927B7C0D60026FB06 /* Project object */;
			proxyType = 1;
			remoteGlobalIDString = 74E7CD1127B7C0D60026FB06;
			remoteInfo = EssentialFeed;
		};
		74E7CD1E27B7C0D70026FB06 /* PBXContainerItemProxy */ = {
			isa = PBXContainerItemProxy;
			containerPortal = 74E7CD0927B7C0D60026FB06 /* Project object */;
			proxyType = 1;
			remoteGlobalIDString = 74E7CD1127B7C0D60026FB06;
			remoteInfo = EssentialFeed;
		};
/* End PBXContainerItemProxy section */

/* Begin PBXCopyFilesBuildPhase section */
		7420DF9B27F1BD8500B37F52 /* Embed Frameworks */ = {
			isa = PBXCopyFilesBuildPhase;
			buildActionMask = 2147483647;
			dstPath = "";
			dstSubfolderSpec = 10;
			files = (
				7420DF9827F1BD8500B37F52 /* EssentialFeed.framework in Embed Frameworks */,
			);
			name = "Embed Frameworks";
			runOnlyForDeploymentPostprocessing = 0;
		};
/* End PBXCopyFilesBuildPhase section */

/* Begin PBXFileReference section */
		740144CB27DBF73C00686AB5 /* ValidateFeedCacheUseCaseTests.swift */ = {isa = PBXFileReference; lastKnownFileType = sourcecode.swift; path = ValidateFeedCacheUseCaseTests.swift; sourceTree = "<group>"; };
		740144CD27DBFD3C00686AB5 /* FeedCacheTestHelpers.swift */ = {isa = PBXFileReference; lastKnownFileType = sourcecode.swift; path = FeedCacheTestHelpers.swift; sourceTree = "<group>"; };
		740144CF27DBFDCB00686AB5 /* SharedTestHelpers.swift */ = {isa = PBXFileReference; lastKnownFileType = sourcecode.swift; path = SharedTestHelpers.swift; sourceTree = "<group>"; };
		740506DF27FE19EB001A402B /* Feed.storyboard */ = {isa = PBXFileReference; lastKnownFileType = file.storyboard; path = Feed.storyboard; sourceTree = "<group>"; };
		740506E127FE1A47001A402B /* Feed.xcassets */ = {isa = PBXFileReference; lastKnownFileType = folder.assetcatalog; path = Feed.xcassets; sourceTree = "<group>"; };
		740506E327FE3767001A402B /* UITableView+Dequeueing.swift */ = {isa = PBXFileReference; lastKnownFileType = sourcecode.swift; path = "UITableView+Dequeueing.swift"; sourceTree = "<group>"; };
		740506E527FE3A68001A402B /* UIImageView+Animations.swift */ = {isa = PBXFileReference; lastKnownFileType = sourcecode.swift; path = "UIImageView+Animations.swift"; sourceTree = "<group>"; };
		7405733127E90BD700CCD822 /* XCTestCase+FailableRetrieveFeedStoreSpecs.swift */ = {isa = PBXFileReference; lastKnownFileType = sourcecode.swift; path = "XCTestCase+FailableRetrieveFeedStoreSpecs.swift"; sourceTree = "<group>"; };
		7405733327E90C7700CCD822 /* XCTestCase+FailableInsertFeedStoreSpecs.swift */ = {isa = PBXFileReference; lastKnownFileType = sourcecode.swift; path = "XCTestCase+FailableInsertFeedStoreSpecs.swift"; sourceTree = "<group>"; };
		7405733527E90D1000CCD822 /* XCTestCase+FailableDeleteFeedStoreSpecs.swift */ = {isa = PBXFileReference; lastKnownFileType = sourcecode.swift; path = "XCTestCase+FailableDeleteFeedStoreSpecs.swift"; sourceTree = "<group>"; };
		7414EAC927C2E9CB00A2E396 /* URLSessionHTTPClientTests.swift */ = {isa = PBXFileReference; lastKnownFileType = sourcecode.swift; path = URLSessionHTTPClientTests.swift; sourceTree = "<group>"; };
		741A56DB27FED6AC006BF9C5 /* UIImage+TestHelpers.swift */ = {isa = PBXFileReference; lastKnownFileType = sourcecode.swift; path = "UIImage+TestHelpers.swift"; sourceTree = "<group>"; };
		741A56DD27FED6B6006BF9C5 /* UIRefreshControl+TestHelpers.swift */ = {isa = PBXFileReference; lastKnownFileType = sourcecode.swift; path = "UIRefreshControl+TestHelpers.swift"; sourceTree = "<group>"; };
		741A56DF27FED6BE006BF9C5 /* UIButton+TestHelpers.swift */ = {isa = PBXFileReference; lastKnownFileType = sourcecode.swift; path = "UIButton+TestHelpers.swift"; sourceTree = "<group>"; };
		741A56E127FED6C7006BF9C5 /* UIControl+TestHelpers.swift */ = {isa = PBXFileReference; lastKnownFileType = sourcecode.swift; path = "UIControl+TestHelpers.swift"; sourceTree = "<group>"; };
		741A56E627FED765006BF9C5 /* FeedViewController+TestHelpers.swift */ = {isa = PBXFileReference; lastKnownFileType = sourcecode.swift; path = "FeedViewController+TestHelpers.swift"; sourceTree = "<group>"; };
		741A56E827FED787006BF9C5 /* FeedImageCell+TestHelpers.swift */ = {isa = PBXFileReference; lastKnownFileType = sourcecode.swift; path = "FeedImageCell+TestHelpers.swift"; sourceTree = "<group>"; };
		741A56EA27FED799006BF9C5 /* FeedViewControllerTests+LoaderSpy.swift */ = {isa = PBXFileReference; lastKnownFileType = sourcecode.swift; path = "FeedViewControllerTests+LoaderSpy.swift"; sourceTree = "<group>"; };
		741A56EC27FED79F006BF9C5 /* FeedViewControllerTests+Assertions.swift */ = {isa = PBXFileReference; lastKnownFileType = sourcecode.swift; path = "FeedViewControllerTests+Assertions.swift"; sourceTree = "<group>"; };
		741A56F027FEDE09006BF9C5 /* FeedViewControllerTests+Localization.swift */ = {isa = PBXFileReference; lastKnownFileType = sourcecode.swift; path = "FeedViewControllerTests+Localization.swift"; sourceTree = "<group>"; };
		741A56F327FEDF5E006BF9C5 /* en */ = {isa = PBXFileReference; lastKnownFileType = text.plist.strings; name = en; path = en.lproj/Feed.strings; sourceTree = "<group>"; };
		741A56F527FEDF61006BF9C5 /* pt-BR */ = {isa = PBXFileReference; lastKnownFileType = text.plist.strings; name = "pt-BR"; path = "pt-BR.lproj/Feed.strings"; sourceTree = "<group>"; };
		741A56F627FEDF7E006BF9C5 /* ru */ = {isa = PBXFileReference; lastKnownFileType = text.plist.strings; name = ru; path = ru.lproj/Feed.strings; sourceTree = "<group>"; };
		741A56F827FEDFD0006BF9C5 /* FeedLocalizationTests.swift */ = {isa = PBXFileReference; lastKnownFileType = sourcecode.swift; path = FeedLocalizationTests.swift; sourceTree = "<group>"; };
		7420DF7F27F1A38600B37F52 /* EssentialFeediOS.framework */ = {isa = PBXFileReference; explicitFileType = wrapper.framework; includeInIndex = 0; path = EssentialFeediOS.framework; sourceTree = BUILT_PRODUCTS_DIR; };
		7420DF8627F1A38700B37F52 /* EssentialFeediOSTests.xctest */ = {isa = PBXFileReference; explicitFileType = wrapper.cfbundle; includeInIndex = 0; path = EssentialFeediOSTests.xctest; sourceTree = BUILT_PRODUCTS_DIR; };
		7420DF9427F1B7B600B37F52 /* FeedUIIntegrationTests.swift */ = {isa = PBXFileReference; lastKnownFileType = sourcecode.swift; path = FeedUIIntegrationTests.swift; sourceTree = "<group>"; };
		7420DF9D27F1C47A00B37F52 /* FeedViewController.swift */ = {isa = PBXFileReference; lastKnownFileType = sourcecode.swift; path = FeedViewController.swift; sourceTree = "<group>"; };
		743E4F3E27D8F7530043737A /* LoadFeedUseCaseTests.swift */ = {isa = PBXFileReference; lastKnownFileType = sourcecode.swift; path = LoadFeedUseCaseTests.swift; sourceTree = "<group>"; };
		743E4F4127D8F7B90043737A /* FeedStoreSpy.swift */ = {isa = PBXFileReference; lastKnownFileType = sourcecode.swift; path = FeedStoreSpy.swift; sourceTree = "<group>"; };
		7443456227EDD1BD007E645A /* CoreDataFeedStoreTests.swift */ = {isa = PBXFileReference; lastKnownFileType = sourcecode.swift; path = CoreDataFeedStoreTests.swift; sourceTree = "<group>"; };
		7443456527EDD409007E645A /* FeedStore.xcdatamodel */ = {isa = PBXFileReference; lastKnownFileType = wrapper.xcdatamodel; path = FeedStore.xcdatamodel; sourceTree = "<group>"; };
		7443456727EDD54B007E645A /* CoreDataFeedStore.swift */ = {isa = PBXFileReference; lastKnownFileType = sourcecode.swift; path = CoreDataFeedStore.swift; sourceTree = "<group>"; };
		7443456C27EDFC44007E645A /* CoreDataHelpers.swift */ = {isa = PBXFileReference; lastKnownFileType = sourcecode.swift; path = CoreDataHelpers.swift; sourceTree = "<group>"; };
		7443456E27EDFCC3007E645A /* ManagedCache.swift */ = {isa = PBXFileReference; lastKnownFileType = sourcecode.swift; path = ManagedCache.swift; sourceTree = "<group>"; };
		7443457027EDFCCB007E645A /* ManagedFeedImage.swift */ = {isa = PBXFileReference; lastKnownFileType = sourcecode.swift; path = ManagedFeedImage.swift; sourceTree = "<group>"; };
		7443457627EE3AEA007E645A /* EssentialFeedCacheIntegrationTests.xctest */ = {isa = PBXFileReference; explicitFileType = wrapper.cfbundle; includeInIndex = 0; path = EssentialFeedCacheIntegrationTests.xctest; sourceTree = BUILT_PRODUCTS_DIR; };
		7443457827EE3AEA007E645A /* EssentialFeedCacheIntegrationTests.swift */ = {isa = PBXFileReference; lastKnownFileType = sourcecode.swift; path = EssentialFeedCacheIntegrationTests.swift; sourceTree = "<group>"; };
		7444F86E27C942400094891B /* XCTestCase+MemoryLeakTracking.swift */ = {isa = PBXFileReference; lastKnownFileType = sourcecode.swift; path = "XCTestCase+MemoryLeakTracking.swift"; sourceTree = "<group>"; };
		7450582927CF649D0016D126 /* EssentialFeedAPIEndToEndTests.xctest */ = {isa = PBXFileReference; explicitFileType = wrapper.cfbundle; includeInIndex = 0; path = EssentialFeedAPIEndToEndTests.xctest; sourceTree = BUILT_PRODUCTS_DIR; };
		7450582B27CF649D0016D126 /* EssentialFeedAPIEndToEndTests.swift */ = {isa = PBXFileReference; lastKnownFileType = sourcecode.swift; path = EssentialFeedAPIEndToEndTests.swift; sourceTree = "<group>"; };
		745F40C927BED545007CDC2E /* HTTPClient.swift */ = {isa = PBXFileReference; lastKnownFileType = sourcecode.swift; path = HTTPClient.swift; sourceTree = "<group>"; };
		745F40CB27BED56E007CDC2E /* FeedItemsMapper.swift */ = {isa = PBXFileReference; lastKnownFileType = sourcecode.swift; path = FeedItemsMapper.swift; sourceTree = "<group>"; };
		747FB48627B82EB800373370 /* RemoteFeedLoader.swift */ = {isa = PBXFileReference; lastKnownFileType = sourcecode.swift; path = RemoteFeedLoader.swift; sourceTree = "<group>"; };
		748D134827F9DA4200DEA122 /* FeedImageCell.swift */ = {isa = PBXFileReference; lastKnownFileType = sourcecode.swift; path = FeedImageCell.swift; sourceTree = "<group>"; };
		748D134A27FA271200DEA122 /* UIView+Shimmering.swift */ = {isa = PBXFileReference; lastKnownFileType = sourcecode.swift; path = "UIView+Shimmering.swift"; sourceTree = "<group>"; };
		7493CEEE27E63DD100049903 /* FeedStoreSpecs.swift */ = {isa = PBXFileReference; lastKnownFileType = sourcecode.swift; path = FeedStoreSpecs.swift; sourceTree = "<group>"; };
		7493CEF027E63E0500049903 /* XCTestCase+FeedStoreSpecs.swift */ = {isa = PBXFileReference; lastKnownFileType = sourcecode.swift; path = "XCTestCase+FeedStoreSpecs.swift"; sourceTree = "<group>"; };
		74A4347F27D3E9260036F7B7 /* CacheFeedUseCaseTests.swift */ = {isa = PBXFileReference; lastKnownFileType = sourcecode.swift; path = CacheFeedUseCaseTests.swift; sourceTree = "<group>"; };
		74A4349027D4DA1E0036F7B7 /* LocalFeedLoader.swift */ = {isa = PBXFileReference; lastKnownFileType = sourcecode.swift; path = LocalFeedLoader.swift; sourceTree = "<group>"; };
		74A4349227D4DA690036F7B7 /* FeedStore.swift */ = {isa = PBXFileReference; lastKnownFileType = sourcecode.swift; path = FeedStore.swift; sourceTree = "<group>"; };
		74AC2EE427D76DAD009711C4 /* RemoteFeedItem.swift */ = {isa = PBXFileReference; lastKnownFileType = sourcecode.swift; path = RemoteFeedItem.swift; sourceTree = "<group>"; };
		74AC2EE627D76DD3009711C4 /* LocalFeedImage.swift */ = {isa = PBXFileReference; lastKnownFileType = sourcecode.swift; path = LocalFeedImage.swift; sourceTree = "<group>"; };
		74AE38EB27FD8D90000CF54E /* FeedPresenter.swift */ = {isa = PBXFileReference; lastKnownFileType = sourcecode.swift; path = FeedPresenter.swift; sourceTree = "<group>"; };
		74AE38ED27FD972B000CF54E /* FeedImagePresenter.swift */ = {isa = PBXFileReference; lastKnownFileType = sourcecode.swift; path = FeedImagePresenter.swift; sourceTree = "<group>"; };
		74AE38EF27FD9FE0000CF54E /* FeedLoadingViewModel.swift */ = {isa = PBXFileReference; lastKnownFileType = sourcecode.swift; path = FeedLoadingViewModel.swift; sourceTree = "<group>"; };
		74AE38F127FD9FE7000CF54E /* FeedViewModel.swift */ = {isa = PBXFileReference; lastKnownFileType = sourcecode.swift; path = FeedViewModel.swift; sourceTree = "<group>"; };
		74BD908B27DE8005004C020E /* FeedCachePolicy.swift */ = {isa = PBXFileReference; lastKnownFileType = sourcecode.swift; path = FeedCachePolicy.swift; sourceTree = "<group>"; };
		74C92FB227CA633D0098227C /* URLSessionHTTPClient.swift */ = {isa = PBXFileReference; lastKnownFileType = sourcecode.swift; path = URLSessionHTTPClient.swift; sourceTree = "<group>"; };
		74D165C727FC8BEA00F257A4 /* FeedImageViewModel.swift */ = {isa = PBXFileReference; lastKnownFileType = sourcecode.swift; path = FeedImageViewModel.swift; sourceTree = "<group>"; };
		74E7CD1227B7C0D60026FB06 /* EssentialFeed.framework */ = {isa = PBXFileReference; explicitFileType = wrapper.framework; includeInIndex = 0; path = EssentialFeed.framework; sourceTree = BUILT_PRODUCTS_DIR; };
		74E7CD1527B7C0D60026FB06 /* EssentialFeed.h */ = {isa = PBXFileReference; lastKnownFileType = sourcecode.c.h; path = EssentialFeed.h; sourceTree = "<group>"; };
		74E7CD1627B7C0D60026FB06 /* EssentialFeed.docc */ = {isa = PBXFileReference; lastKnownFileType = folder.documentationcatalog; path = EssentialFeed.docc; sourceTree = "<group>"; };
		74E7CD1C27B7C0D70026FB06 /* EssentialFeedTests.xctest */ = {isa = PBXFileReference; explicitFileType = wrapper.cfbundle; includeInIndex = 0; path = EssentialFeedTests.xctest; sourceTree = BUILT_PRODUCTS_DIR; };
		74E7CD2C27B7C1010026FB06 /* FeedImage.swift */ = {isa = PBXFileReference; lastKnownFileType = sourcecode.swift; path = FeedImage.swift; sourceTree = "<group>"; };
		74E7CD2E27B7C1BF0026FB06 /* FeedLoader.swift */ = {isa = PBXFileReference; lastKnownFileType = sourcecode.swift; path = FeedLoader.swift; sourceTree = "<group>"; };
		74E7CD3327B7D58E0026FB06 /* LoadFeedFromRemoteUseCaseTests.swift */ = {isa = PBXFileReference; lastKnownFileType = sourcecode.swift; path = LoadFeedFromRemoteUseCaseTests.swift; sourceTree = "<group>"; };
		74F4ED7A27FB866200F78D4D /* FeedImageDataLoader.swift */ = {isa = PBXFileReference; lastKnownFileType = sourcecode.swift; path = FeedImageDataLoader.swift; sourceTree = "<group>"; };
		74F4ED8127FB8B3A00F78D4D /* FeedImageCellController.swift */ = {isa = PBXFileReference; lastKnownFileType = sourcecode.swift; path = FeedImageCellController.swift; sourceTree = "<group>"; };
		74F4ED8427FB8DF700F78D4D /* FeedUIComposer.swift */ = {isa = PBXFileReference; lastKnownFileType = sourcecode.swift; path = FeedUIComposer.swift; sourceTree = "<group>"; };
/* End PBXFileReference section */

/* Begin PBXFrameworksBuildPhase section */
		7420DF7C27F1A38600B37F52 /* Frameworks */ = {
			isa = PBXFrameworksBuildPhase;
			buildActionMask = 2147483647;
			files = (
				7420DF9727F1BD8500B37F52 /* EssentialFeed.framework in Frameworks */,
			);
			runOnlyForDeploymentPostprocessing = 0;
		};
		7420DF8327F1A38700B37F52 /* Frameworks */ = {
			isa = PBXFrameworksBuildPhase;
			buildActionMask = 2147483647;
			files = (
				7420DF8727F1A38700B37F52 /* EssentialFeediOS.framework in Frameworks */,
			);
			runOnlyForDeploymentPostprocessing = 0;
		};
		7443457327EE3AEA007E645A /* Frameworks */ = {
			isa = PBXFrameworksBuildPhase;
			buildActionMask = 2147483647;
			files = (
				7443457A27EE3AEA007E645A /* EssentialFeed.framework in Frameworks */,
			);
			runOnlyForDeploymentPostprocessing = 0;
		};
		7450582627CF649D0016D126 /* Frameworks */ = {
			isa = PBXFrameworksBuildPhase;
			buildActionMask = 2147483647;
			files = (
				7450582D27CF649D0016D126 /* EssentialFeed.framework in Frameworks */,
			);
			runOnlyForDeploymentPostprocessing = 0;
		};
		74E7CD0F27B7C0D60026FB06 /* Frameworks */ = {
			isa = PBXFrameworksBuildPhase;
			buildActionMask = 2147483647;
			files = (
			);
			runOnlyForDeploymentPostprocessing = 0;
		};
		74E7CD1927B7C0D70026FB06 /* Frameworks */ = {
			isa = PBXFrameworksBuildPhase;
			buildActionMask = 2147483647;
			files = (
				74E7CD1D27B7C0D70026FB06 /* EssentialFeed.framework in Frameworks */,
			);
			runOnlyForDeploymentPostprocessing = 0;
		};
/* End PBXFrameworksBuildPhase section */

/* Begin PBXGroup section */
		7405733727E90DD500CCD822 /* FeedStoreSpecs */ = {
			isa = PBXGroup;
			children = (
				7493CEEE27E63DD100049903 /* FeedStoreSpecs.swift */,
				7493CEF027E63E0500049903 /* XCTestCase+FeedStoreSpecs.swift */,
				7405733127E90BD700CCD822 /* XCTestCase+FailableRetrieveFeedStoreSpecs.swift */,
				7405733327E90C7700CCD822 /* XCTestCase+FailableInsertFeedStoreSpecs.swift */,
				7405733527E90D1000CCD822 /* XCTestCase+FailableDeleteFeedStoreSpecs.swift */,
			);
			name = FeedStoreSpecs;
			sourceTree = "<group>";
		};
		741A56E327FED729006BF9C5 /* FeedUI */ = {
			isa = PBXGroup;
			children = (
				741A56E527FED750006BF9C5 /* Helpers */,
				7420DF9427F1B7B600B37F52 /* FeedUIIntegrationTests.swift */,
			);
			path = FeedUI;
			sourceTree = "<group>";
		};
		741A56E527FED750006BF9C5 /* Helpers */ = {
			isa = PBXGroup;
			children = (
				741A56DB27FED6AC006BF9C5 /* UIImage+TestHelpers.swift */,
				741A56DD27FED6B6006BF9C5 /* UIRefreshControl+TestHelpers.swift */,
				741A56DF27FED6BE006BF9C5 /* UIButton+TestHelpers.swift */,
				741A56E127FED6C7006BF9C5 /* UIControl+TestHelpers.swift */,
				741A56E627FED765006BF9C5 /* FeedViewController+TestHelpers.swift */,
				741A56E827FED787006BF9C5 /* FeedImageCell+TestHelpers.swift */,
				741A56EA27FED799006BF9C5 /* FeedViewControllerTests+LoaderSpy.swift */,
				741A56EC27FED79F006BF9C5 /* FeedViewControllerTests+Assertions.swift */,
				741A56F027FEDE09006BF9C5 /* FeedViewControllerTests+Localization.swift */,
			);
			path = Helpers;
			sourceTree = "<group>";
		};
		741A56F727FEDFBE006BF9C5 /* FeedPresentation */ = {
			isa = PBXGroup;
			children = (
				741A56F827FEDFD0006BF9C5 /* FeedLocalizationTests.swift */,
			);
			path = FeedPresentation;
			sourceTree = "<group>";
		};
		7420DF8027F1A38700B37F52 /* EssentialFeediOS */ = {
			isa = PBXGroup;
			children = (
				74F4ED7927FB864B00F78D4D /* Feed Image Loader */,
				74AE38EA27FD8D52000CF54E /* FeedPresentation */,
				74F4ED7C27FB867300F78D4D /* Feed UI */,
			);
			path = EssentialFeediOS;
			sourceTree = "<group>";
		};
		7420DF8A27F1A38700B37F52 /* EssentialFeediOSTests */ = {
			isa = PBXGroup;
			children = (
				741A56F727FEDFBE006BF9C5 /* FeedPresentation */,
				741A56E327FED729006BF9C5 /* FeedUI */,
			);
			path = EssentialFeediOSTests;
			sourceTree = "<group>";
		};
		7420DF9627F1BD8500B37F52 /* Frameworks */ = {
			isa = PBXGroup;
			children = (
			);
			name = Frameworks;
			sourceTree = "<group>";
		};
		743E4F4027D8F7AE0043737A /* Helpers */ = {
			isa = PBXGroup;
			children = (
				743E4F4127D8F7B90043737A /* FeedStoreSpy.swift */,
				740144CD27DBFD3C00686AB5 /* FeedCacheTestHelpers.swift */,
			);
			name = Helpers;
			sourceTree = "<group>";
		};
		7443456927EDFBE9007E645A /* Infrastructure */ = {
			isa = PBXGroup;
			children = (
				7443456A27EDFBF5007E645A /* CoreData */,
			);
			path = Infrastructure;
			sourceTree = "<group>";
		};
		7443456A27EDFBF5007E645A /* CoreData */ = {
			isa = PBXGroup;
			children = (
				7443456727EDD54B007E645A /* CoreDataFeedStore.swift */,
				7443456C27EDFC44007E645A /* CoreDataHelpers.swift */,
				7443456E27EDFCC3007E645A /* ManagedCache.swift */,
				7443457027EDFCCB007E645A /* ManagedFeedImage.swift */,
				7443456427EDD409007E645A /* FeedStore.xcdatamodeld */,
			);
			path = CoreData;
			sourceTree = "<group>";
		};
		7443457727EE3AEA007E645A /* EssentialFeedCacheIntegrationTests */ = {
			isa = PBXGroup;
			children = (
				7443457827EE3AEA007E645A /* EssentialFeedCacheIntegrationTests.swift */,
			);
			path = EssentialFeedCacheIntegrationTests;
			sourceTree = "<group>";
		};
		7444F86D27C941EC0094891B /* Helpers */ = {
			isa = PBXGroup;
			children = (
				7444F86E27C942400094891B /* XCTestCase+MemoryLeakTracking.swift */,
				740144CF27DBFDCB00686AB5 /* SharedTestHelpers.swift */,
			);
			name = Helpers;
			sourceTree = "<group>";
		};
		7450582A27CF649D0016D126 /* EssentialFeedAPIEndToEndTests */ = {
			isa = PBXGroup;
			children = (
				7450582B27CF649D0016D126 /* EssentialFeedAPIEndToEndTests.swift */,
			);
			path = EssentialFeedAPIEndToEndTests;
			sourceTree = "<group>";
		};
		745F40CD27BED9DF007CDC2E /* Feed API */ = {
			isa = PBXGroup;
			children = (
				74E7CD3327B7D58E0026FB06 /* LoadFeedFromRemoteUseCaseTests.swift */,
				7414EAC927C2E9CB00A2E396 /* URLSessionHTTPClientTests.swift */,
			);
			name = "Feed API";
			sourceTree = "<group>";
		};
		747FB48527B82E9900373370 /* Fead API */ = {
			isa = PBXGroup;
			children = (
				747FB48627B82EB800373370 /* RemoteFeedLoader.swift */,
				745F40CB27BED56E007CDC2E /* FeedItemsMapper.swift */,
				74AC2EE427D76DAD009711C4 /* RemoteFeedItem.swift */,
				745F40C927BED545007CDC2E /* HTTPClient.swift */,
				74C92FB227CA633D0098227C /* URLSessionHTTPClient.swift */,
			);
			path = "Fead API";
			sourceTree = "<group>";
		};
		74A4347E27D3E9080036F7B7 /* Feed Cache */ = {
			isa = PBXGroup;
			children = (
				743E4F4027D8F7AE0043737A /* Helpers */,
				7405733727E90DD500CCD822 /* FeedStoreSpecs */,
				74A4347F27D3E9260036F7B7 /* CacheFeedUseCaseTests.swift */,
				743E4F3E27D8F7530043737A /* LoadFeedUseCaseTests.swift */,
				740144CB27DBF73C00686AB5 /* ValidateFeedCacheUseCaseTests.swift */,
				7443456227EDD1BD007E645A /* CoreDataFeedStoreTests.swift */,
			);
			name = "Feed Cache";
			sourceTree = "<group>";
		};
		74A4348F27D4DA0B0036F7B7 /* Feed Cache */ = {
			isa = PBXGroup;
			children = (
				7443456927EDFBE9007E645A /* Infrastructure */,
				74A4349027D4DA1E0036F7B7 /* LocalFeedLoader.swift */,
				74A4349227D4DA690036F7B7 /* FeedStore.swift */,
				74AC2EE627D76DD3009711C4 /* LocalFeedImage.swift */,
				74BD908B27DE8005004C020E /* FeedCachePolicy.swift */,
			);
			path = "Feed Cache";
			sourceTree = "<group>";
		};
		74AE38EA27FD8D52000CF54E /* FeedPresentation */ = {
			isa = PBXGroup;
			children = (
				74AE38EB27FD8D90000CF54E /* FeedPresenter.swift */,
				74AE38F127FD9FE7000CF54E /* FeedViewModel.swift */,
				74AE38EF27FD9FE0000CF54E /* FeedLoadingViewModel.swift */,
				74AE38ED27FD972B000CF54E /* FeedImagePresenter.swift */,
				74D165C727FC8BEA00F257A4 /* FeedImageViewModel.swift */,
				741A56F427FEDF5E006BF9C5 /* Feed.strings */,
			);
			path = FeedPresentation;
			sourceTree = "<group>";
		};
		74E7CD0827B7C0D60026FB06 = {
			isa = PBXGroup;
			children = (
				74E7CD1427B7C0D60026FB06 /* EssentialFeed */,
				74E7CD2027B7C0D70026FB06 /* EssentialFeedTests */,
				7450582A27CF649D0016D126 /* EssentialFeedAPIEndToEndTests */,
				7443457727EE3AEA007E645A /* EssentialFeedCacheIntegrationTests */,
				7420DF8027F1A38700B37F52 /* EssentialFeediOS */,
				7420DF8A27F1A38700B37F52 /* EssentialFeediOSTests */,
				74E7CD1327B7C0D60026FB06 /* Products */,
				7420DF9627F1BD8500B37F52 /* Frameworks */,
			);
			sourceTree = "<group>";
		};
		74E7CD1327B7C0D60026FB06 /* Products */ = {
			isa = PBXGroup;
			children = (
				74E7CD1227B7C0D60026FB06 /* EssentialFeed.framework */,
				74E7CD1C27B7C0D70026FB06 /* EssentialFeedTests.xctest */,
				7450582927CF649D0016D126 /* EssentialFeedAPIEndToEndTests.xctest */,
				7443457627EE3AEA007E645A /* EssentialFeedCacheIntegrationTests.xctest */,
				7420DF7F27F1A38600B37F52 /* EssentialFeediOS.framework */,
				7420DF8627F1A38700B37F52 /* EssentialFeediOSTests.xctest */,
			);
			name = Products;
			sourceTree = "<group>";
		};
		74E7CD1427B7C0D60026FB06 /* EssentialFeed */ = {
			isa = PBXGroup;
			children = (
				74E7CD1527B7C0D60026FB06 /* EssentialFeed.h */,
				74E7CD1627B7C0D60026FB06 /* EssentialFeed.docc */,
				74A4348F27D4DA0B0036F7B7 /* Feed Cache */,
				74E7CD3027B7C2970026FB06 /* Fead Feature */,
				747FB48527B82E9900373370 /* Fead API */,
			);
			path = EssentialFeed;
			sourceTree = "<group>";
		};
		74E7CD2027B7C0D70026FB06 /* EssentialFeedTests */ = {
			isa = PBXGroup;
			children = (
				7444F86D27C941EC0094891B /* Helpers */,
				74A4347E27D3E9080036F7B7 /* Feed Cache */,
				745F40CD27BED9DF007CDC2E /* Feed API */,
			);
			path = EssentialFeedTests;
			sourceTree = "<group>";
		};
		74E7CD3027B7C2970026FB06 /* Fead Feature */ = {
			isa = PBXGroup;
			children = (
				74E7CD2C27B7C1010026FB06 /* FeedImage.swift */,
				74E7CD2E27B7C1BF0026FB06 /* FeedLoader.swift */,
			);
			path = "Fead Feature";
			sourceTree = "<group>";
		};
		74F4ED7927FB864B00F78D4D /* Feed Image Loader */ = {
			isa = PBXGroup;
			children = (
				74F4ED7A27FB866200F78D4D /* FeedImageDataLoader.swift */,
			);
			path = "Feed Image Loader";
			sourceTree = "<group>";
		};
		74F4ED7C27FB867300F78D4D /* Feed UI */ = {
			isa = PBXGroup;
			children = (
				74F4ED8327FB8DEC00F78D4D /* Composers */,
				74F4ED7D27FB868200F78D4D /* Controllers */,
				74F4ED7E27FB868C00F78D4D /* Views */,
			);
			path = "Feed UI";
			sourceTree = "<group>";
		};
		74F4ED7D27FB868200F78D4D /* Controllers */ = {
			isa = PBXGroup;
			children = (
				7420DF9D27F1C47A00B37F52 /* FeedViewController.swift */,
				74F4ED8127FB8B3A00F78D4D /* FeedImageCellController.swift */,
			);
			path = Controllers;
			sourceTree = "<group>";
		};
		74F4ED7E27FB868C00F78D4D /* Views */ = {
			isa = PBXGroup;
			children = (
				748D134827F9DA4200DEA122 /* FeedImageCell.swift */,
				748D134A27FA271200DEA122 /* UIView+Shimmering.swift */,
				740506E327FE3767001A402B /* UITableView+Dequeueing.swift */,
				740506E527FE3A68001A402B /* UIImageView+Animations.swift */,
				740506DF27FE19EB001A402B /* Feed.storyboard */,
				740506E127FE1A47001A402B /* Feed.xcassets */,
			);
			path = Views;
			sourceTree = "<group>";
		};
		74F4ED8327FB8DEC00F78D4D /* Composers */ = {
			isa = PBXGroup;
			children = (
				74F4ED8427FB8DF700F78D4D /* FeedUIComposer.swift */,
			);
			path = Composers;
			sourceTree = "<group>";
		};
/* End PBXGroup section */

/* Begin PBXHeadersBuildPhase section */
		7420DF7A27F1A38600B37F52 /* Headers */ = {
			isa = PBXHeadersBuildPhase;
			buildActionMask = 2147483647;
			files = (
			);
			runOnlyForDeploymentPostprocessing = 0;
		};
		74E7CD0D27B7C0D60026FB06 /* Headers */ = {
			isa = PBXHeadersBuildPhase;
			buildActionMask = 2147483647;
			files = (
				74E7CD2327B7C0D70026FB06 /* EssentialFeed.h in Headers */,
			);
			runOnlyForDeploymentPostprocessing = 0;
		};
/* End PBXHeadersBuildPhase section */

/* Begin PBXNativeTarget section */
		7420DF7E27F1A38600B37F52 /* EssentialFeediOS */ = {
			isa = PBXNativeTarget;
			buildConfigurationList = 7420DF8E27F1A38700B37F52 /* Build configuration list for PBXNativeTarget "EssentialFeediOS" */;
			buildPhases = (
				7420DF7A27F1A38600B37F52 /* Headers */,
				7420DF7B27F1A38600B37F52 /* Sources */,
				7420DF7C27F1A38600B37F52 /* Frameworks */,
				7420DF7D27F1A38600B37F52 /* Resources */,
				7420DF9B27F1BD8500B37F52 /* Embed Frameworks */,
			);
			buildRules = (
			);
			dependencies = (
				7420DF9A27F1BD8500B37F52 /* PBXTargetDependency */,
			);
			name = EssentialFeediOS;
			productName = EssentialFeediOS;
			productReference = 7420DF7F27F1A38600B37F52 /* EssentialFeediOS.framework */;
			productType = "com.apple.product-type.framework";
		};
		7420DF8527F1A38700B37F52 /* EssentialFeediOSTests */ = {
			isa = PBXNativeTarget;
			buildConfigurationList = 7420DF9127F1A38700B37F52 /* Build configuration list for PBXNativeTarget "EssentialFeediOSTests" */;
			buildPhases = (
				7420DF8227F1A38700B37F52 /* Sources */,
				7420DF8327F1A38700B37F52 /* Frameworks */,
				7420DF8427F1A38700B37F52 /* Resources */,
			);
			buildRules = (
			);
			dependencies = (
				7420DF8927F1A38700B37F52 /* PBXTargetDependency */,
			);
			name = EssentialFeediOSTests;
			productName = EssentialFeediOSTests;
			productReference = 7420DF8627F1A38700B37F52 /* EssentialFeediOSTests.xctest */;
			productType = "com.apple.product-type.bundle.unit-test";
		};
		7443457527EE3AEA007E645A /* EssentialFeedCacheIntegrationTests */ = {
			isa = PBXNativeTarget;
			buildConfigurationList = 7443457D27EE3AEA007E645A /* Build configuration list for PBXNativeTarget "EssentialFeedCacheIntegrationTests" */;
			buildPhases = (
				7443457227EE3AEA007E645A /* Sources */,
				7443457327EE3AEA007E645A /* Frameworks */,
				7443457427EE3AEA007E645A /* Resources */,
			);
			buildRules = (
			);
			dependencies = (
				7443457C27EE3AEA007E645A /* PBXTargetDependency */,
			);
			name = EssentialFeedCacheIntegrationTests;
			productName = EssentialFeedCacheIntegrationTests;
			productReference = 7443457627EE3AEA007E645A /* EssentialFeedCacheIntegrationTests.xctest */;
			productType = "com.apple.product-type.bundle.unit-test";
		};
		7450582827CF649D0016D126 /* EssentialFeedAPIEndToEndTests */ = {
			isa = PBXNativeTarget;
			buildConfigurationList = 7450583227CF649D0016D126 /* Build configuration list for PBXNativeTarget "EssentialFeedAPIEndToEndTests" */;
			buildPhases = (
				7450582527CF649D0016D126 /* Sources */,
				7450582627CF649D0016D126 /* Frameworks */,
				7450582727CF649D0016D126 /* Resources */,
			);
			buildRules = (
			);
			dependencies = (
				7450582F27CF649D0016D126 /* PBXTargetDependency */,
			);
			name = EssentialFeedAPIEndToEndTests;
			productName = EssentialFeedAPIEndToEndTests;
			productReference = 7450582927CF649D0016D126 /* EssentialFeedAPIEndToEndTests.xctest */;
			productType = "com.apple.product-type.bundle.unit-test";
		};
		74E7CD1127B7C0D60026FB06 /* EssentialFeed */ = {
			isa = PBXNativeTarget;
			buildConfigurationList = 74E7CD2627B7C0D70026FB06 /* Build configuration list for PBXNativeTarget "EssentialFeed" */;
			buildPhases = (
				74E7CD0D27B7C0D60026FB06 /* Headers */,
				74E7CD0E27B7C0D60026FB06 /* Sources */,
				74E7CD0F27B7C0D60026FB06 /* Frameworks */,
				74E7CD1027B7C0D60026FB06 /* Resources */,
			);
			buildRules = (
			);
			dependencies = (
			);
			name = EssentialFeed;
			productName = EssentialFeed;
			productReference = 74E7CD1227B7C0D60026FB06 /* EssentialFeed.framework */;
			productType = "com.apple.product-type.framework";
		};
		74E7CD1B27B7C0D70026FB06 /* EssentialFeedTests */ = {
			isa = PBXNativeTarget;
			buildConfigurationList = 74E7CD2927B7C0D70026FB06 /* Build configuration list for PBXNativeTarget "EssentialFeedTests" */;
			buildPhases = (
				74E7CD1827B7C0D70026FB06 /* Sources */,
				74E7CD1927B7C0D70026FB06 /* Frameworks */,
				74E7CD1A27B7C0D70026FB06 /* Resources */,
			);
			buildRules = (
			);
			dependencies = (
				74E7CD1F27B7C0D70026FB06 /* PBXTargetDependency */,
			);
			name = EssentialFeedTests;
			productName = EssentialFeedTests;
			productReference = 74E7CD1C27B7C0D70026FB06 /* EssentialFeedTests.xctest */;
			productType = "com.apple.product-type.bundle.unit-test";
		};
/* End PBXNativeTarget section */

/* Begin PBXProject section */
		74E7CD0927B7C0D60026FB06 /* Project object */ = {
			isa = PBXProject;
			attributes = {
				BuildIndependentTargetsInParallel = 1;
				LastSwiftUpdateCheck = 1330;
				LastUpgradeCheck = 1320;
				TargetAttributes = {
					7420DF7E27F1A38600B37F52 = {
						CreatedOnToolsVersion = 13.3;
						LastSwiftMigration = 1330;
					};
					7420DF8527F1A38700B37F52 = {
						CreatedOnToolsVersion = 13.3;
						LastSwiftMigration = 1330;
					};
					7443457527EE3AEA007E645A = {
						CreatedOnToolsVersion = 13.3;
					};
					7450582827CF649D0016D126 = {
						CreatedOnToolsVersion = 13.2.1;
					};
					74E7CD1127B7C0D60026FB06 = {
						CreatedOnToolsVersion = 13.2.1;
					};
					74E7CD1B27B7C0D70026FB06 = {
						CreatedOnToolsVersion = 13.2.1;
					};
				};
			};
			buildConfigurationList = 74E7CD0C27B7C0D60026FB06 /* Build configuration list for PBXProject "EssentialFeed" */;
			compatibilityVersion = "Xcode 13.0";
			developmentRegion = en;
			hasScannedForEncodings = 0;
			knownRegions = (
				en,
				Base,
				"pt-BR",
				ru,
			);
			mainGroup = 74E7CD0827B7C0D60026FB06;
			productRefGroup = 74E7CD1327B7C0D60026FB06 /* Products */;
			projectDirPath = "";
			projectRoot = "";
			targets = (
				74E7CD1127B7C0D60026FB06 /* EssentialFeed */,
				74E7CD1B27B7C0D70026FB06 /* EssentialFeedTests */,
				7450582827CF649D0016D126 /* EssentialFeedAPIEndToEndTests */,
				7443457527EE3AEA007E645A /* EssentialFeedCacheIntegrationTests */,
				7420DF7E27F1A38600B37F52 /* EssentialFeediOS */,
				7420DF8527F1A38700B37F52 /* EssentialFeediOSTests */,
			);
		};
/* End PBXProject section */

/* Begin PBXResourcesBuildPhase section */
		7420DF7D27F1A38600B37F52 /* Resources */ = {
			isa = PBXResourcesBuildPhase;
			buildActionMask = 2147483647;
			files = (
				740506E027FE19EB001A402B /* Feed.storyboard in Resources */,
				740506E227FE1A47001A402B /* Feed.xcassets in Resources */,
				741A56F227FEDF5E006BF9C5 /* Feed.strings in Resources */,
			);
			runOnlyForDeploymentPostprocessing = 0;
		};
		7420DF8427F1A38700B37F52 /* Resources */ = {
			isa = PBXResourcesBuildPhase;
			buildActionMask = 2147483647;
			files = (
			);
			runOnlyForDeploymentPostprocessing = 0;
		};
		7443457427EE3AEA007E645A /* Resources */ = {
			isa = PBXResourcesBuildPhase;
			buildActionMask = 2147483647;
			files = (
			);
			runOnlyForDeploymentPostprocessing = 0;
		};
		7450582727CF649D0016D126 /* Resources */ = {
			isa = PBXResourcesBuildPhase;
			buildActionMask = 2147483647;
			files = (
			);
			runOnlyForDeploymentPostprocessing = 0;
		};
		74E7CD1027B7C0D60026FB06 /* Resources */ = {
			isa = PBXResourcesBuildPhase;
			buildActionMask = 2147483647;
			files = (
			);
			runOnlyForDeploymentPostprocessing = 0;
		};
		74E7CD1A27B7C0D70026FB06 /* Resources */ = {
			isa = PBXResourcesBuildPhase;
			buildActionMask = 2147483647;
			files = (
			);
			runOnlyForDeploymentPostprocessing = 0;
		};
/* End PBXResourcesBuildPhase section */

/* Begin PBXSourcesBuildPhase section */
		7420DF7B27F1A38600B37F52 /* Sources */ = {
			isa = PBXSourcesBuildPhase;
			buildActionMask = 2147483647;
			files = (
				74AE38EC27FD8D90000CF54E /* FeedPresenter.swift in Sources */,
				74F4ED7B27FB866200F78D4D /* FeedImageDataLoader.swift in Sources */,
				74AE38F227FD9FE7000CF54E /* FeedViewModel.swift in Sources */,
				740506E427FE3767001A402B /* UITableView+Dequeueing.swift in Sources */,
				74AE38F027FD9FE0000CF54E /* FeedLoadingViewModel.swift in Sources */,
				748D134B27FA271200DEA122 /* UIView+Shimmering.swift in Sources */,
				74AE38EE27FD972B000CF54E /* FeedImagePresenter.swift in Sources */,
				740506E627FE3A68001A402B /* UIImageView+Animations.swift in Sources */,
				7420DF9E27F1C47A00B37F52 /* FeedViewController.swift in Sources */,
				748D134927F9DA4200DEA122 /* FeedImageCell.swift in Sources */,
				74D165C827FC8BEA00F257A4 /* FeedImageViewModel.swift in Sources */,
				74F4ED8227FB8B3A00F78D4D /* FeedImageCellController.swift in Sources */,
				74F4ED8527FB8DF700F78D4D /* FeedUIComposer.swift in Sources */,
			);
			runOnlyForDeploymentPostprocessing = 0;
		};
		7420DF8227F1A38700B37F52 /* Sources */ = {
			isa = PBXSourcesBuildPhase;
			buildActionMask = 2147483647;
			files = (
				7420DF9527F1B7B600B37F52 /* FeedUIIntegrationTests.swift in Sources */,
				741A56ED27FED79F006BF9C5 /* FeedViewControllerTests+Assertions.swift in Sources */,
				741A56F927FEDFD0006BF9C5 /* FeedLocalizationTests.swift in Sources */,
				741A56E027FED6BE006BF9C5 /* UIButton+TestHelpers.swift in Sources */,
				741A56DE27FED6B6006BF9C5 /* UIRefreshControl+TestHelpers.swift in Sources */,
				741A56E227FED6C7006BF9C5 /* UIControl+TestHelpers.swift in Sources */,
				741A56EB27FED799006BF9C5 /* FeedViewControllerTests+LoaderSpy.swift in Sources */,
				741A56E727FED765006BF9C5 /* FeedViewController+TestHelpers.swift in Sources */,
				7420DF9C27F1BDD500B37F52 /* XCTestCase+MemoryLeakTracking.swift in Sources */,
				741A56DC27FED6AC006BF9C5 /* UIImage+TestHelpers.swift in Sources */,
				741A56E927FED787006BF9C5 /* FeedImageCell+TestHelpers.swift in Sources */,
				741A56F127FEDE09006BF9C5 /* FeedViewControllerTests+Localization.swift in Sources */,
			);
			runOnlyForDeploymentPostprocessing = 0;
		};
		7443457227EE3AEA007E645A /* Sources */ = {
			isa = PBXSourcesBuildPhase;
			buildActionMask = 2147483647;
			files = (
				7443458227EE4055007E645A /* SharedTestHelpers.swift in Sources */,
				7443457927EE3AEA007E645A /* EssentialFeedCacheIntegrationTests.swift in Sources */,
				7443458127EE4044007E645A /* FeedCacheTestHelpers.swift in Sources */,
				7443458027EE3C9F007E645A /* XCTestCase+MemoryLeakTracking.swift in Sources */,
			);
			runOnlyForDeploymentPostprocessing = 0;
		};
		7450582527CF649D0016D126 /* Sources */ = {
			isa = PBXSourcesBuildPhase;
			buildActionMask = 2147483647;
			files = (
				7450582C27CF649D0016D126 /* EssentialFeedAPIEndToEndTests.swift in Sources */,
				7450583327CF6EE80016D126 /* XCTestCase+MemoryLeakTracking.swift in Sources */,
			);
			runOnlyForDeploymentPostprocessing = 0;
		};
		74E7CD0E27B7C0D60026FB06 /* Sources */ = {
			isa = PBXSourcesBuildPhase;
			buildActionMask = 2147483647;
			files = (
				7443456827EDD54B007E645A /* CoreDataFeedStore.swift in Sources */,
				74AC2EE727D76DD3009711C4 /* LocalFeedImage.swift in Sources */,
				74A4349327D4DA690036F7B7 /* FeedStore.swift in Sources */,
				74C92FB327CA633D0098227C /* URLSessionHTTPClient.swift in Sources */,
				747FB48727B82EB800373370 /* RemoteFeedLoader.swift in Sources */,
				745F40CA27BED545007CDC2E /* HTTPClient.swift in Sources */,
				7443456D27EDFC44007E645A /* CoreDataHelpers.swift in Sources */,
				7443456627EDD409007E645A /* FeedStore.xcdatamodeld in Sources */,
				74E7CD2F27B7C1BF0026FB06 /* FeedLoader.swift in Sources */,
				7443456F27EDFCC3007E645A /* ManagedCache.swift in Sources */,
				745F40CC27BED56E007CDC2E /* FeedItemsMapper.swift in Sources */,
				74AC2EE527D76DAD009711C4 /* RemoteFeedItem.swift in Sources */,
				74BD908C27DE8005004C020E /* FeedCachePolicy.swift in Sources */,
				74E7CD2D27B7C1010026FB06 /* FeedImage.swift in Sources */,
				7443457127EDFCCB007E645A /* ManagedFeedImage.swift in Sources */,
				74A4349127D4DA1E0036F7B7 /* LocalFeedLoader.swift in Sources */,
				74E7CD1727B7C0D60026FB06 /* EssentialFeed.docc in Sources */,
			);
			runOnlyForDeploymentPostprocessing = 0;
		};
		74E7CD1827B7C0D70026FB06 /* Sources */ = {
			isa = PBXSourcesBuildPhase;
			buildActionMask = 2147483647;
			files = (
				740144CE27DBFD3C00686AB5 /* FeedCacheTestHelpers.swift in Sources */,
				740144CC27DBF73C00686AB5 /* ValidateFeedCacheUseCaseTests.swift in Sources */,
				7405733227E90BD700CCD822 /* XCTestCase+FailableRetrieveFeedStoreSpecs.swift in Sources */,
				74E7CD3427B7D58E0026FB06 /* LoadFeedFromRemoteUseCaseTests.swift in Sources */,
				743E4F3F27D8F7530043737A /* LoadFeedUseCaseTests.swift in Sources */,
				743E4F4227D8F7B90043737A /* FeedStoreSpy.swift in Sources */,
				740144D027DBFDCB00686AB5 /* SharedTestHelpers.swift in Sources */,
				7414EACA27C2E9CB00A2E396 /* URLSessionHTTPClientTests.swift in Sources */,
				7405733627E90D1000CCD822 /* XCTestCase+FailableDeleteFeedStoreSpecs.swift in Sources */,
				74A4348027D3E9260036F7B7 /* CacheFeedUseCaseTests.swift in Sources */,
				7493CEEF27E63DD100049903 /* FeedStoreSpecs.swift in Sources */,
				7444F86F27C942400094891B /* XCTestCase+MemoryLeakTracking.swift in Sources */,
				7493CEF127E63E0500049903 /* XCTestCase+FeedStoreSpecs.swift in Sources */,
				7443456327EDD1BD007E645A /* CoreDataFeedStoreTests.swift in Sources */,
				7405733427E90C7700CCD822 /* XCTestCase+FailableInsertFeedStoreSpecs.swift in Sources */,
			);
			runOnlyForDeploymentPostprocessing = 0;
		};
/* End PBXSourcesBuildPhase section */

/* Begin PBXTargetDependency section */
		7420DF8927F1A38700B37F52 /* PBXTargetDependency */ = {
			isa = PBXTargetDependency;
			target = 7420DF7E27F1A38600B37F52 /* EssentialFeediOS */;
			targetProxy = 7420DF8827F1A38700B37F52 /* PBXContainerItemProxy */;
		};
		7420DF9A27F1BD8500B37F52 /* PBXTargetDependency */ = {
			isa = PBXTargetDependency;
			target = 74E7CD1127B7C0D60026FB06 /* EssentialFeed */;
			targetProxy = 7420DF9927F1BD8500B37F52 /* PBXContainerItemProxy */;
		};
		7443457C27EE3AEA007E645A /* PBXTargetDependency */ = {
			isa = PBXTargetDependency;
			target = 74E7CD1127B7C0D60026FB06 /* EssentialFeed */;
			targetProxy = 7443457B27EE3AEA007E645A /* PBXContainerItemProxy */;
		};
		7450582F27CF649D0016D126 /* PBXTargetDependency */ = {
			isa = PBXTargetDependency;
			target = 74E7CD1127B7C0D60026FB06 /* EssentialFeed */;
			targetProxy = 7450582E27CF649D0016D126 /* PBXContainerItemProxy */;
		};
		74E7CD1F27B7C0D70026FB06 /* PBXTargetDependency */ = {
			isa = PBXTargetDependency;
			target = 74E7CD1127B7C0D60026FB06 /* EssentialFeed */;
			targetProxy = 74E7CD1E27B7C0D70026FB06 /* PBXContainerItemProxy */;
		};
/* End PBXTargetDependency section */

/* Begin PBXVariantGroup section */
		741A56F427FEDF5E006BF9C5 /* Feed.strings */ = {
			isa = PBXVariantGroup;
			children = (
				741A56F327FEDF5E006BF9C5 /* en */,
				741A56F527FEDF61006BF9C5 /* pt-BR */,
				741A56F627FEDF7E006BF9C5 /* ru */,
			);
			name = Feed.strings;
			sourceTree = "<group>";
		};
/* End PBXVariantGroup section */

/* Begin XCBuildConfiguration section */
		7420DF8F27F1A38700B37F52 /* Debug */ = {
			isa = XCBuildConfiguration;
			buildSettings = {
				CLANG_ENABLE_MODULES = YES;
				CODE_SIGN_STYLE = Automatic;
				CURRENT_PROJECT_VERSION = 1;
				DEFINES_MODULE = YES;
				DEVELOPMENT_TEAM = W5ZZPB5BG7;
				DYLIB_COMPATIBILITY_VERSION = 1;
				DYLIB_CURRENT_VERSION = 1;
				DYLIB_INSTALL_NAME_BASE = "@rpath";
				GENERATE_INFOPLIST_FILE = YES;
				INFOPLIST_KEY_NSHumanReadableCopyright = "";
				INSTALL_PATH = "$(LOCAL_LIBRARY_DIR)/Frameworks";
				IPHONEOS_DEPLOYMENT_TARGET = 15.4;
				LD_RUNPATH_SEARCH_PATHS = (
					"$(inherited)",
					"@executable_path/Frameworks",
					"@loader_path/Frameworks",
				);
				MARKETING_VERSION = 1.0;
				PRODUCT_BUNDLE_IDENTIFIER = "ru.mikhail-chelbaev.EssentialFeediOS";
				PRODUCT_NAME = "$(TARGET_NAME:c99extidentifier)";
				SDKROOT = iphoneos;
				SKIP_INSTALL = YES;
				SWIFT_EMIT_LOC_STRINGS = YES;
				SWIFT_OPTIMIZATION_LEVEL = "-Onone";
				SWIFT_VERSION = 5.0;
				TARGETED_DEVICE_FAMILY = "1,2";
			};
			name = Debug;
		};
		7420DF9027F1A38700B37F52 /* Release */ = {
			isa = XCBuildConfiguration;
			buildSettings = {
				CLANG_ENABLE_MODULES = YES;
				CODE_SIGN_STYLE = Automatic;
				CURRENT_PROJECT_VERSION = 1;
				DEFINES_MODULE = YES;
				DEVELOPMENT_TEAM = W5ZZPB5BG7;
				DYLIB_COMPATIBILITY_VERSION = 1;
				DYLIB_CURRENT_VERSION = 1;
				DYLIB_INSTALL_NAME_BASE = "@rpath";
				GENERATE_INFOPLIST_FILE = YES;
				INFOPLIST_KEY_NSHumanReadableCopyright = "";
				INSTALL_PATH = "$(LOCAL_LIBRARY_DIR)/Frameworks";
				IPHONEOS_DEPLOYMENT_TARGET = 15.4;
				LD_RUNPATH_SEARCH_PATHS = (
					"$(inherited)",
					"@executable_path/Frameworks",
					"@loader_path/Frameworks",
				);
				MARKETING_VERSION = 1.0;
				PRODUCT_BUNDLE_IDENTIFIER = "ru.mikhail-chelbaev.EssentialFeediOS";
				PRODUCT_NAME = "$(TARGET_NAME:c99extidentifier)";
				SDKROOT = iphoneos;
				SKIP_INSTALL = YES;
				SWIFT_EMIT_LOC_STRINGS = YES;
				SWIFT_VERSION = 5.0;
				TARGETED_DEVICE_FAMILY = "1,2";
				VALIDATE_PRODUCT = YES;
			};
			name = Release;
		};
		7420DF9227F1A38700B37F52 /* Debug */ = {
			isa = XCBuildConfiguration;
			buildSettings = {
				ALWAYS_EMBED_SWIFT_STANDARD_LIBRARIES = YES;
				CLANG_ENABLE_MODULES = YES;
				CODE_SIGN_STYLE = Automatic;
				CURRENT_PROJECT_VERSION = 1;
				DEVELOPMENT_TEAM = W5ZZPB5BG7;
				GENERATE_INFOPLIST_FILE = YES;
				IPHONEOS_DEPLOYMENT_TARGET = 15.4;
				LD_RUNPATH_SEARCH_PATHS = (
					"$(inherited)",
					"@executable_path/Frameworks",
					"@loader_path/Frameworks",
				);
				MARKETING_VERSION = 1.0;
				PRODUCT_BUNDLE_IDENTIFIER = "ru.mikhail-chelbaev.EssentialFeediOSTests";
				PRODUCT_NAME = "$(TARGET_NAME)";
				SDKROOT = iphoneos;
				SWIFT_EMIT_LOC_STRINGS = NO;
				SWIFT_OPTIMIZATION_LEVEL = "-Onone";
				SWIFT_VERSION = 5.0;
				TARGETED_DEVICE_FAMILY = "1,2";
			};
			name = Debug;
		};
		7420DF9327F1A38700B37F52 /* Release */ = {
			isa = XCBuildConfiguration;
			buildSettings = {
				ALWAYS_EMBED_SWIFT_STANDARD_LIBRARIES = YES;
				CLANG_ENABLE_MODULES = YES;
				CODE_SIGN_STYLE = Automatic;
				CURRENT_PROJECT_VERSION = 1;
				DEVELOPMENT_TEAM = W5ZZPB5BG7;
				GENERATE_INFOPLIST_FILE = YES;
				IPHONEOS_DEPLOYMENT_TARGET = 15.4;
				LD_RUNPATH_SEARCH_PATHS = (
					"$(inherited)",
					"@executable_path/Frameworks",
					"@loader_path/Frameworks",
				);
				MARKETING_VERSION = 1.0;
				PRODUCT_BUNDLE_IDENTIFIER = "ru.mikhail-chelbaev.EssentialFeediOSTests";
				PRODUCT_NAME = "$(TARGET_NAME)";
				SDKROOT = iphoneos;
				SWIFT_EMIT_LOC_STRINGS = NO;
				SWIFT_VERSION = 5.0;
				TARGETED_DEVICE_FAMILY = "1,2";
				VALIDATE_PRODUCT = YES;
			};
			name = Release;
		};
		7443457E27EE3AEA007E645A /* Debug */ = {
			isa = XCBuildConfiguration;
			buildSettings = {
				CODE_SIGN_STYLE = Automatic;
				CURRENT_PROJECT_VERSION = 1;
				DEVELOPMENT_TEAM = W5ZZPB5BG7;
				GENERATE_INFOPLIST_FILE = YES;
				MACOSX_DEPLOYMENT_TARGET = 12.3;
				MARKETING_VERSION = 1.0;
				PRODUCT_BUNDLE_IDENTIFIER = "ru.mikhail-chelbaev.EssentialFeedCacheIntegrationTests";
				PRODUCT_NAME = "$(TARGET_NAME)";
				SUPPORTED_PLATFORMS = "macosx iphoneos iphonesimulator";
				SWIFT_EMIT_LOC_STRINGS = NO;
				SWIFT_VERSION = 5.0;
			};
			name = Debug;
		};
		7443457F27EE3AEA007E645A /* Release */ = {
			isa = XCBuildConfiguration;
			buildSettings = {
				CODE_SIGN_STYLE = Automatic;
				CURRENT_PROJECT_VERSION = 1;
				DEVELOPMENT_TEAM = W5ZZPB5BG7;
				GENERATE_INFOPLIST_FILE = YES;
				MACOSX_DEPLOYMENT_TARGET = 12.3;
				MARKETING_VERSION = 1.0;
				PRODUCT_BUNDLE_IDENTIFIER = "ru.mikhail-chelbaev.EssentialFeedCacheIntegrationTests";
				PRODUCT_NAME = "$(TARGET_NAME)";
				SUPPORTED_PLATFORMS = "macosx iphoneos iphonesimulator";
				SWIFT_EMIT_LOC_STRINGS = NO;
				SWIFT_VERSION = 5.0;
			};
			name = Release;
		};
		7450583027CF649D0016D126 /* Debug */ = {
			isa = XCBuildConfiguration;
			buildSettings = {
				CODE_SIGN_STYLE = Automatic;
				CURRENT_PROJECT_VERSION = 1;
				DEVELOPMENT_TEAM = W5ZZPB5BG7;
				GENERATE_INFOPLIST_FILE = YES;
				MARKETING_VERSION = 1.0;
				PRODUCT_BUNDLE_IDENTIFIER = "ru.mikhail-chelbaev.EssentialFeedAPIEndToEndTests";
				PRODUCT_NAME = "$(TARGET_NAME)";
				SUPPORTED_PLATFORMS = "macosx iphoneos iphonesimulator";
				SWIFT_EMIT_LOC_STRINGS = NO;
				SWIFT_VERSION = 5.0;
			};
			name = Debug;
		};
		7450583127CF649D0016D126 /* Release */ = {
			isa = XCBuildConfiguration;
			buildSettings = {
				CODE_SIGN_STYLE = Automatic;
				CURRENT_PROJECT_VERSION = 1;
				DEVELOPMENT_TEAM = W5ZZPB5BG7;
				GENERATE_INFOPLIST_FILE = YES;
				MARKETING_VERSION = 1.0;
				PRODUCT_BUNDLE_IDENTIFIER = "ru.mikhail-chelbaev.EssentialFeedAPIEndToEndTests";
				PRODUCT_NAME = "$(TARGET_NAME)";
				SUPPORTED_PLATFORMS = "macosx iphoneos iphonesimulator";
				SWIFT_EMIT_LOC_STRINGS = NO;
				SWIFT_VERSION = 5.0;
			};
			name = Release;
		};
		74E7CD2427B7C0D70026FB06 /* Debug */ = {
			isa = XCBuildConfiguration;
			buildSettings = {
				ALWAYS_SEARCH_USER_PATHS = NO;
				CLANG_ANALYZER_NONNULL = YES;
				CLANG_ANALYZER_NUMBER_OBJECT_CONVERSION = YES_AGGRESSIVE;
				CLANG_CXX_LANGUAGE_STANDARD = "gnu++17";
				CLANG_CXX_LIBRARY = "libc++";
				CLANG_ENABLE_MODULES = YES;
				CLANG_ENABLE_OBJC_ARC = YES;
				CLANG_ENABLE_OBJC_WEAK = YES;
				CLANG_WARN_BLOCK_CAPTURE_AUTORELEASING = YES;
				CLANG_WARN_BOOL_CONVERSION = YES;
				CLANG_WARN_COMMA = YES;
				CLANG_WARN_CONSTANT_CONVERSION = YES;
				CLANG_WARN_DEPRECATED_OBJC_IMPLEMENTATIONS = YES;
				CLANG_WARN_DIRECT_OBJC_ISA_USAGE = YES_ERROR;
				CLANG_WARN_DOCUMENTATION_COMMENTS = YES;
				CLANG_WARN_EMPTY_BODY = YES;
				CLANG_WARN_ENUM_CONVERSION = YES;
				CLANG_WARN_INFINITE_RECURSION = YES;
				CLANG_WARN_INT_CONVERSION = YES;
				CLANG_WARN_NON_LITERAL_NULL_CONVERSION = YES;
				CLANG_WARN_OBJC_IMPLICIT_RETAIN_SELF = YES;
				CLANG_WARN_OBJC_LITERAL_CONVERSION = YES;
				CLANG_WARN_OBJC_ROOT_CLASS = YES_ERROR;
				CLANG_WARN_QUOTED_INCLUDE_IN_FRAMEWORK_HEADER = YES;
				CLANG_WARN_RANGE_LOOP_ANALYSIS = YES;
				CLANG_WARN_STRICT_PROTOTYPES = YES;
				CLANG_WARN_SUSPICIOUS_MOVE = YES;
				CLANG_WARN_UNGUARDED_AVAILABILITY = YES_AGGRESSIVE;
				CLANG_WARN_UNREACHABLE_CODE = YES;
				CLANG_WARN__DUPLICATE_METHOD_MATCH = YES;
				COPY_PHASE_STRIP = NO;
				CURRENT_PROJECT_VERSION = 1;
				DEBUG_INFORMATION_FORMAT = dwarf;
				ENABLE_STRICT_OBJC_MSGSEND = YES;
				ENABLE_TESTABILITY = YES;
				GCC_C_LANGUAGE_STANDARD = gnu11;
				GCC_DYNAMIC_NO_PIC = NO;
				GCC_NO_COMMON_BLOCKS = YES;
				GCC_OPTIMIZATION_LEVEL = 0;
				GCC_PREPROCESSOR_DEFINITIONS = (
					"DEBUG=1",
					"$(inherited)",
				);
				GCC_WARN_64_TO_32_BIT_CONVERSION = YES;
				GCC_WARN_ABOUT_RETURN_TYPE = YES_ERROR;
				GCC_WARN_UNDECLARED_SELECTOR = YES;
				GCC_WARN_UNINITIALIZED_AUTOS = YES_AGGRESSIVE;
				GCC_WARN_UNUSED_FUNCTION = YES;
				GCC_WARN_UNUSED_VARIABLE = YES;
				MACOSX_DEPLOYMENT_TARGET = 12.1;
				MTL_ENABLE_DEBUG_INFO = INCLUDE_SOURCE;
				MTL_FAST_MATH = YES;
				ONLY_ACTIVE_ARCH = YES;
				SDKROOT = macosx;
				SWIFT_ACTIVE_COMPILATION_CONDITIONS = DEBUG;
				SWIFT_OPTIMIZATION_LEVEL = "-Onone";
				VERSIONING_SYSTEM = "apple-generic";
				VERSION_INFO_PREFIX = "";
			};
			name = Debug;
		};
		74E7CD2527B7C0D70026FB06 /* Release */ = {
			isa = XCBuildConfiguration;
			buildSettings = {
				ALWAYS_SEARCH_USER_PATHS = NO;
				CLANG_ANALYZER_NONNULL = YES;
				CLANG_ANALYZER_NUMBER_OBJECT_CONVERSION = YES_AGGRESSIVE;
				CLANG_CXX_LANGUAGE_STANDARD = "gnu++17";
				CLANG_CXX_LIBRARY = "libc++";
				CLANG_ENABLE_MODULES = YES;
				CLANG_ENABLE_OBJC_ARC = YES;
				CLANG_ENABLE_OBJC_WEAK = YES;
				CLANG_WARN_BLOCK_CAPTURE_AUTORELEASING = YES;
				CLANG_WARN_BOOL_CONVERSION = YES;
				CLANG_WARN_COMMA = YES;
				CLANG_WARN_CONSTANT_CONVERSION = YES;
				CLANG_WARN_DEPRECATED_OBJC_IMPLEMENTATIONS = YES;
				CLANG_WARN_DIRECT_OBJC_ISA_USAGE = YES_ERROR;
				CLANG_WARN_DOCUMENTATION_COMMENTS = YES;
				CLANG_WARN_EMPTY_BODY = YES;
				CLANG_WARN_ENUM_CONVERSION = YES;
				CLANG_WARN_INFINITE_RECURSION = YES;
				CLANG_WARN_INT_CONVERSION = YES;
				CLANG_WARN_NON_LITERAL_NULL_CONVERSION = YES;
				CLANG_WARN_OBJC_IMPLICIT_RETAIN_SELF = YES;
				CLANG_WARN_OBJC_LITERAL_CONVERSION = YES;
				CLANG_WARN_OBJC_ROOT_CLASS = YES_ERROR;
				CLANG_WARN_QUOTED_INCLUDE_IN_FRAMEWORK_HEADER = YES;
				CLANG_WARN_RANGE_LOOP_ANALYSIS = YES;
				CLANG_WARN_STRICT_PROTOTYPES = YES;
				CLANG_WARN_SUSPICIOUS_MOVE = YES;
				CLANG_WARN_UNGUARDED_AVAILABILITY = YES_AGGRESSIVE;
				CLANG_WARN_UNREACHABLE_CODE = YES;
				CLANG_WARN__DUPLICATE_METHOD_MATCH = YES;
				COPY_PHASE_STRIP = NO;
				CURRENT_PROJECT_VERSION = 1;
				DEBUG_INFORMATION_FORMAT = "dwarf-with-dsym";
				ENABLE_NS_ASSERTIONS = NO;
				ENABLE_STRICT_OBJC_MSGSEND = YES;
				GCC_C_LANGUAGE_STANDARD = gnu11;
				GCC_NO_COMMON_BLOCKS = YES;
				GCC_WARN_64_TO_32_BIT_CONVERSION = YES;
				GCC_WARN_ABOUT_RETURN_TYPE = YES_ERROR;
				GCC_WARN_UNDECLARED_SELECTOR = YES;
				GCC_WARN_UNINITIALIZED_AUTOS = YES_AGGRESSIVE;
				GCC_WARN_UNUSED_FUNCTION = YES;
				GCC_WARN_UNUSED_VARIABLE = YES;
				MACOSX_DEPLOYMENT_TARGET = 12.1;
				MTL_ENABLE_DEBUG_INFO = NO;
				MTL_FAST_MATH = YES;
				SDKROOT = macosx;
				SWIFT_COMPILATION_MODE = wholemodule;
				SWIFT_OPTIMIZATION_LEVEL = "-O";
				VERSIONING_SYSTEM = "apple-generic";
				VERSION_INFO_PREFIX = "";
			};
			name = Release;
		};
		74E7CD2727B7C0D70026FB06 /* Debug */ = {
			isa = XCBuildConfiguration;
			buildSettings = {
				CODE_SIGN_STYLE = Automatic;
				COMBINE_HIDPI_IMAGES = YES;
				CURRENT_PROJECT_VERSION = 1;
				DEFINES_MODULE = YES;
				DEVELOPMENT_TEAM = W5ZZPB5BG7;
				DYLIB_COMPATIBILITY_VERSION = 1;
				DYLIB_CURRENT_VERSION = 1;
				DYLIB_INSTALL_NAME_BASE = "@rpath";
				GENERATE_INFOPLIST_FILE = YES;
				INFOPLIST_KEY_NSHumanReadableCopyright = "";
				INSTALL_PATH = "$(LOCAL_LIBRARY_DIR)/Frameworks";
				LD_RUNPATH_SEARCH_PATHS = (
					"$(inherited)",
					"@executable_path/../Frameworks",
					"@loader_path/Frameworks",
				);
				MARKETING_VERSION = 1.0;
				PRODUCT_BUNDLE_IDENTIFIER = "ru.mikhail-chelbaev.EssentialFeed";
				PRODUCT_NAME = "$(TARGET_NAME:c99extidentifier)";
				SKIP_INSTALL = YES;
				SUPPORTED_PLATFORMS = "macosx iphoneos iphonesimulator";
				SWIFT_EMIT_LOC_STRINGS = YES;
				SWIFT_VERSION = 5.0;
			};
			name = Debug;
		};
		74E7CD2827B7C0D70026FB06 /* Release */ = {
			isa = XCBuildConfiguration;
			buildSettings = {
				CODE_SIGN_STYLE = Automatic;
				COMBINE_HIDPI_IMAGES = YES;
				CURRENT_PROJECT_VERSION = 1;
				DEFINES_MODULE = YES;
				DEVELOPMENT_TEAM = W5ZZPB5BG7;
				DYLIB_COMPATIBILITY_VERSION = 1;
				DYLIB_CURRENT_VERSION = 1;
				DYLIB_INSTALL_NAME_BASE = "@rpath";
				GENERATE_INFOPLIST_FILE = YES;
				INFOPLIST_KEY_NSHumanReadableCopyright = "";
				INSTALL_PATH = "$(LOCAL_LIBRARY_DIR)/Frameworks";
				LD_RUNPATH_SEARCH_PATHS = (
					"$(inherited)",
					"@executable_path/../Frameworks",
					"@loader_path/Frameworks",
				);
				MARKETING_VERSION = 1.0;
				PRODUCT_BUNDLE_IDENTIFIER = "ru.mikhail-chelbaev.EssentialFeed";
				PRODUCT_NAME = "$(TARGET_NAME:c99extidentifier)";
				SKIP_INSTALL = YES;
				SUPPORTED_PLATFORMS = "macosx iphoneos iphonesimulator";
				SWIFT_EMIT_LOC_STRINGS = YES;
				SWIFT_VERSION = 5.0;
			};
			name = Release;
		};
		74E7CD2A27B7C0D70026FB06 /* Debug */ = {
			isa = XCBuildConfiguration;
			buildSettings = {
				ALWAYS_EMBED_SWIFT_STANDARD_LIBRARIES = YES;
				CODE_SIGN_STYLE = Automatic;
				CURRENT_PROJECT_VERSION = 1;
				DEVELOPMENT_TEAM = W5ZZPB5BG7;
				GENERATE_INFOPLIST_FILE = YES;
				MARKETING_VERSION = 1.0;
				PRODUCT_BUNDLE_IDENTIFIER = "ru.mikhail-chelbaev.EssentialFeedTests";
				PRODUCT_NAME = "$(TARGET_NAME)";
				SUPPORTED_PLATFORMS = "macosx iphonesimulator iphoneos";
				SWIFT_EMIT_LOC_STRINGS = NO;
				SWIFT_VERSION = 5.0;
			};
			name = Debug;
		};
		74E7CD2B27B7C0D70026FB06 /* Release */ = {
			isa = XCBuildConfiguration;
			buildSettings = {
				ALWAYS_EMBED_SWIFT_STANDARD_LIBRARIES = YES;
				CODE_SIGN_STYLE = Automatic;
				CURRENT_PROJECT_VERSION = 1;
				DEVELOPMENT_TEAM = W5ZZPB5BG7;
				GENERATE_INFOPLIST_FILE = YES;
				MARKETING_VERSION = 1.0;
				PRODUCT_BUNDLE_IDENTIFIER = "ru.mikhail-chelbaev.EssentialFeedTests";
				PRODUCT_NAME = "$(TARGET_NAME)";
				SUPPORTED_PLATFORMS = "macosx iphonesimulator iphoneos";
				SWIFT_EMIT_LOC_STRINGS = NO;
				SWIFT_VERSION = 5.0;
			};
			name = Release;
		};
/* End XCBuildConfiguration section */

/* Begin XCConfigurationList section */
		7420DF8E27F1A38700B37F52 /* Build configuration list for PBXNativeTarget "EssentialFeediOS" */ = {
			isa = XCConfigurationList;
			buildConfigurations = (
				7420DF8F27F1A38700B37F52 /* Debug */,
				7420DF9027F1A38700B37F52 /* Release */,
			);
			defaultConfigurationIsVisible = 0;
			defaultConfigurationName = Release;
		};
		7420DF9127F1A38700B37F52 /* Build configuration list for PBXNativeTarget "EssentialFeediOSTests" */ = {
			isa = XCConfigurationList;
			buildConfigurations = (
				7420DF9227F1A38700B37F52 /* Debug */,
				7420DF9327F1A38700B37F52 /* Release */,
			);
			defaultConfigurationIsVisible = 0;
			defaultConfigurationName = Release;
		};
		7443457D27EE3AEA007E645A /* Build configuration list for PBXNativeTarget "EssentialFeedCacheIntegrationTests" */ = {
			isa = XCConfigurationList;
			buildConfigurations = (
				7443457E27EE3AEA007E645A /* Debug */,
				7443457F27EE3AEA007E645A /* Release */,
			);
			defaultConfigurationIsVisible = 0;
			defaultConfigurationName = Release;
		};
		7450583227CF649D0016D126 /* Build configuration list for PBXNativeTarget "EssentialFeedAPIEndToEndTests" */ = {
			isa = XCConfigurationList;
			buildConfigurations = (
				7450583027CF649D0016D126 /* Debug */,
				7450583127CF649D0016D126 /* Release */,
			);
			defaultConfigurationIsVisible = 0;
			defaultConfigurationName = Release;
		};
		74E7CD0C27B7C0D60026FB06 /* Build configuration list for PBXProject "EssentialFeed" */ = {
			isa = XCConfigurationList;
			buildConfigurations = (
				74E7CD2427B7C0D70026FB06 /* Debug */,
				74E7CD2527B7C0D70026FB06 /* Release */,
			);
			defaultConfigurationIsVisible = 0;
			defaultConfigurationName = Release;
		};
		74E7CD2627B7C0D70026FB06 /* Build configuration list for PBXNativeTarget "EssentialFeed" */ = {
			isa = XCConfigurationList;
			buildConfigurations = (
				74E7CD2727B7C0D70026FB06 /* Debug */,
				74E7CD2827B7C0D70026FB06 /* Release */,
			);
			defaultConfigurationIsVisible = 0;
			defaultConfigurationName = Release;
		};
		74E7CD2927B7C0D70026FB06 /* Build configuration list for PBXNativeTarget "EssentialFeedTests" */ = {
			isa = XCConfigurationList;
			buildConfigurations = (
				74E7CD2A27B7C0D70026FB06 /* Debug */,
				74E7CD2B27B7C0D70026FB06 /* Release */,
			);
			defaultConfigurationIsVisible = 0;
			defaultConfigurationName = Release;
		};
/* End XCConfigurationList section */

/* Begin XCVersionGroup section */
		7443456427EDD409007E645A /* FeedStore.xcdatamodeld */ = {
			isa = XCVersionGroup;
			children = (
				7443456527EDD409007E645A /* FeedStore.xcdatamodel */,
			);
			currentVersion = 7443456527EDD409007E645A /* FeedStore.xcdatamodel */;
			path = FeedStore.xcdatamodeld;
			sourceTree = "<group>";
			versionGroupType = wrapper.xcdatamodel;
		};
/* End XCVersionGroup section */
	};
	rootObject = 74E7CD0927B7C0D60026FB06 /* Project object */;
}
