// !$*UTF8*$!
{
	archiveVersion = 1;
	classes = {
	};
	objectVersion = 55;
	objects = {

/* Begin PBXBuildFile section */
		740351792822BD0300CADBB7 /* FeedLoaderCacheDecorator.swift in Sources */ = {isa = PBXBuildFile; fileRef = 740351782822BD0300CADBB7 /* FeedLoaderCacheDecorator.swift */; };
		7403517B2822BE2800CADBB7 /* FeedLoaderStub.swift in Sources */ = {isa = PBXBuildFile; fileRef = 7403517A2822BE2800CADBB7 /* FeedLoaderStub.swift */; };
		7403517D2822BEBF00CADBB7 /* XCTestCase+FeedLoader.swift in Sources */ = {isa = PBXBuildFile; fileRef = 7403517C2822BEBF00CADBB7 /* XCTestCase+FeedLoader.swift */; };
		740351812822DBF500CADBB7 /* FeedLoaderCacheDecorator.swift in Sources */ = {isa = PBXBuildFile; fileRef = 740351802822DBF500CADBB7 /* FeedLoaderCacheDecorator.swift */; };
		740D916E286A581A00B62B45 /* UIView+TestHelpers.swift in Sources */ = {isa = PBXBuildFile; fileRef = 740D916D286A581A00B62B45 /* UIView+TestHelpers.swift */; };
		744A3C0428593913001A8E3B /* SceneDelegateTests.swift in Sources */ = {isa = PBXBuildFile; fileRef = 744A3C0328593913001A8E3B /* SceneDelegateTests.swift */; };
		744A3C0B2859397F001A8E3B /* FeedUIComposer.swift in Sources */ = {isa = PBXBuildFile; fileRef = 744A3C062859397E001A8E3B /* FeedUIComposer.swift */; };
		744A3C0C2859397F001A8E3B /* WeakRefVirtualProxy.swift in Sources */ = {isa = PBXBuildFile; fileRef = 744A3C072859397E001A8E3B /* WeakRefVirtualProxy.swift */; };
		744A3C0D2859397F001A8E3B /* FeedLoaderPresentationAdapter.swift in Sources */ = {isa = PBXBuildFile; fileRef = 744A3C052859397E001A8E3B /* FeedLoaderPresentationAdapter.swift */; };
		744A3C0E2859397F001A8E3B /* FeedViewAdapter.swift in Sources */ = {isa = PBXBuildFile; fileRef = 744A3C0A2859397F001A8E3B /* FeedViewAdapter.swift */; };
		744A3C0F2859397F001A8E3B /* MainQueueDispatchDecorator.swift in Sources */ = {isa = PBXBuildFile; fileRef = 744A3C082859397E001A8E3B /* MainQueueDispatchDecorator.swift */; };
		744A3C102859397F001A8E3B /* FeedImageDataLoaderPresentationAdapter.swift in Sources */ = {isa = PBXBuildFile; fileRef = 744A3C092859397E001A8E3B /* FeedImageDataLoaderPresentationAdapter.swift */; };
		744A3C1A285939E1001A8E3B /* UIButton+TestHelpers.swift in Sources */ = {isa = PBXBuildFile; fileRef = 744A3C14285939E0001A8E3B /* UIButton+TestHelpers.swift */; };
		744A3C1B285939E1001A8E3B /* FeedUIIntegrationTests+LoaderSpy.swift in Sources */ = {isa = PBXBuildFile; fileRef = 744A3C12285939E0001A8E3B /* FeedUIIntegrationTests+LoaderSpy.swift */; };
		744A3C1C285939E1001A8E3B /* FeedImageCell+TestHelpers.swift in Sources */ = {isa = PBXBuildFile; fileRef = 744A3C16285939E0001A8E3B /* FeedImageCell+TestHelpers.swift */; };
		744A3C1D285939E1001A8E3B /* FeedViewController+TestHelpers.swift in Sources */ = {isa = PBXBuildFile; fileRef = 744A3C19285939E1001A8E3B /* FeedViewController+TestHelpers.swift */; };
		744A3C1E285939E1001A8E3B /* UIControl+TestHelpers.swift in Sources */ = {isa = PBXBuildFile; fileRef = 744A3C17285939E1001A8E3B /* UIControl+TestHelpers.swift */; };
		744A3C1F285939E1001A8E3B /* UIImage+TestHelpers.swift in Sources */ = {isa = PBXBuildFile; fileRef = 744A3C13285939E0001A8E3B /* UIImage+TestHelpers.swift */; };
		744A3C20285939E1001A8E3B /* UIRefreshControl+TestHelpers.swift in Sources */ = {isa = PBXBuildFile; fileRef = 744A3C15285939E0001A8E3B /* UIRefreshControl+TestHelpers.swift */; };
		744A3C21285939E1001A8E3B /* FeedUIIntegrationTests+Localization.swift in Sources */ = {isa = PBXBuildFile; fileRef = 744A3C11285939E0001A8E3B /* FeedUIIntegrationTests+Localization.swift */; };
		744A3C22285939E1001A8E3B /* FeedUIIntegrationTests+Assertions.swift in Sources */ = {isa = PBXBuildFile; fileRef = 744A3C18285939E1001A8E3B /* FeedUIIntegrationTests+Assertions.swift */; };
		744A3C2428593A13001A8E3B /* FeedUIIntegrationTests.swift in Sources */ = {isa = PBXBuildFile; fileRef = 744A3C2328593A13001A8E3B /* FeedUIIntegrationTests.swift */; };
		745FC17B286655CC00E48025 /* FeedAcceptanceTests.swift in Sources */ = {isa = PBXBuildFile; fileRef = 745FC17A286655CC00E48025 /* FeedAcceptanceTests.swift */; };
		745FC17D286669D000E48025 /* HttpClientStub.swift in Sources */ = {isa = PBXBuildFile; fileRef = 745FC17C286669D000E48025 /* HttpClientStub.swift */; };
		745FC17F28666A1500E48025 /* InMemoryFeedStore.swift in Sources */ = {isa = PBXBuildFile; fileRef = 745FC17E28666A1500E48025 /* InMemoryFeedStore.swift */; };
		74913A76280AB5AD009D8321 /* AppDelegate.swift in Sources */ = {isa = PBXBuildFile; fileRef = 74913A75280AB5AD009D8321 /* AppDelegate.swift */; };
		74913A78280AB5AD009D8321 /* SceneDelegate.swift in Sources */ = {isa = PBXBuildFile; fileRef = 74913A77280AB5AD009D8321 /* SceneDelegate.swift */; };
		74913A7A280AB5AD009D8321 /* ViewController.swift in Sources */ = {isa = PBXBuildFile; fileRef = 74913A79280AB5AD009D8321 /* ViewController.swift */; };
		74913A7D280AB5AD009D8321 /* Main.storyboard in Resources */ = {isa = PBXBuildFile; fileRef = 74913A7B280AB5AD009D8321 /* Main.storyboard */; };
		74913A7F280AB5AE009D8321 /* Assets.xcassets in Resources */ = {isa = PBXBuildFile; fileRef = 74913A7E280AB5AE009D8321 /* Assets.xcassets */; };
		74913A82280AB5AE009D8321 /* LaunchScreen.storyboard in Resources */ = {isa = PBXBuildFile; fileRef = 74913A80280AB5AE009D8321 /* LaunchScreen.storyboard */; };
		74913AA8280AB7C5009D8321 /* EssentialFeed.framework in Frameworks */ = {isa = PBXBuildFile; fileRef = 74913AA6280AB7C5009D8321 /* EssentialFeed.framework */; };
		74913AA9280AB7C5009D8321 /* EssentialFeed.framework in Embed Frameworks */ = {isa = PBXBuildFile; fileRef = 74913AA6280AB7C5009D8321 /* EssentialFeed.framework */; settings = {ATTRIBUTES = (CodeSignOnCopy, RemoveHeadersOnCopy, ); }; };
		74913AAA280AB7C5009D8321 /* EssentialFeediOS.framework in Frameworks */ = {isa = PBXBuildFile; fileRef = 74913AA7280AB7C5009D8321 /* EssentialFeediOS.framework */; };
		74913AAB280AB7C5009D8321 /* EssentialFeediOS.framework in Embed Frameworks */ = {isa = PBXBuildFile; fileRef = 74913AA7280AB7C5009D8321 /* EssentialFeediOS.framework */; settings = {ATTRIBUTES = (CodeSignOnCopy, RemoveHeadersOnCopy, ); }; };
		74A4B3512848121500E3798D /* FeedImageDataLoaderCacheDecoratorTests.swift in Sources */ = {isa = PBXBuildFile; fileRef = 74A4B3502848121500E3798D /* FeedImageDataLoaderCacheDecoratorTests.swift */; };
		74A4B353284812C700E3798D /* FeedImageDataLoaderSpy.swift in Sources */ = {isa = PBXBuildFile; fileRef = 74A4B352284812C700E3798D /* FeedImageDataLoaderSpy.swift */; };
		74A4B3552848132100E3798D /* XCTestCase+FeedImageDataLoader.swift in Sources */ = {isa = PBXBuildFile; fileRef = 74A4B3542848132100E3798D /* XCTestCase+FeedImageDataLoader.swift */; };
		74A4B3592848157E00E3798D /* FeedImageDataLoaderCacheDecorator.swift in Sources */ = {isa = PBXBuildFile; fileRef = 74A4B3582848157E00E3798D /* FeedImageDataLoaderCacheDecorator.swift */; };
		74CC18172820303C006F0432 /* FeedLoaderWithFallbackCompositeTests.swift in Sources */ = {isa = PBXBuildFile; fileRef = 74CC18162820303C006F0432 /* FeedLoaderWithFallbackCompositeTests.swift */; };
		74CC18192820645B006F0432 /* XCTestCase+MemoryLeakTracking.swift in Sources */ = {isa = PBXBuildFile; fileRef = 74CC18182820645B006F0432 /* XCTestCase+MemoryLeakTracking.swift */; };
		74CC181B28207CD3006F0432 /* FeedLoaderWithFallbackComposite.swift in Sources */ = {isa = PBXBuildFile; fileRef = 74CC181A28207CD3006F0432 /* FeedLoaderWithFallbackComposite.swift */; };
		74CC181D28207D4A006F0432 /* FeedImageDataLoaderWithFallbackCompositeTests.swift in Sources */ = {isa = PBXBuildFile; fileRef = 74CC181C28207D4A006F0432 /* FeedImageDataLoaderWithFallbackCompositeTests.swift */; };
		74CC181F28208417006F0432 /* FeedImageDataLoaderWithFallbackComposite.swift in Sources */ = {isa = PBXBuildFile; fileRef = 74CC181E28208417006F0432 /* FeedImageDataLoaderWithFallbackComposite.swift */; };
		74CC18222820847C006F0432 /* SharedTestHelpers.swift in Sources */ = {isa = PBXBuildFile; fileRef = 74CC18212820847C006F0432 /* SharedTestHelpers.swift */; };
/* End PBXBuildFile section */

/* Begin PBXContainerItemProxy section */
		74913A89280AB5AF009D8321 /* PBXContainerItemProxy */ = {
			isa = PBXContainerItemProxy;
			containerPortal = 74913A6A280AB5AD009D8321 /* Project object */;
			proxyType = 1;
			remoteGlobalIDString = 74913A71280AB5AD009D8321;
			remoteInfo = EssentialApp;
		};
/* End PBXContainerItemProxy section */

/* Begin PBXCopyFilesBuildPhase section */
		74913AAC280AB7C5009D8321 /* Embed Frameworks */ = {
			isa = PBXCopyFilesBuildPhase;
			buildActionMask = 2147483647;
			dstPath = "";
			dstSubfolderSpec = 10;
			files = (
				74913AA9280AB7C5009D8321 /* EssentialFeed.framework in Embed Frameworks */,
				74913AAB280AB7C5009D8321 /* EssentialFeediOS.framework in Embed Frameworks */,
			);
			name = "Embed Frameworks";
			runOnlyForDeploymentPostprocessing = 0;
		};
/* End PBXCopyFilesBuildPhase section */

/* Begin PBXFileReference section */
		740351782822BD0300CADBB7 /* FeedLoaderCacheDecorator.swift */ = {isa = PBXFileReference; lastKnownFileType = sourcecode.swift; path = FeedLoaderCacheDecorator.swift; sourceTree = "<group>"; };
		7403517A2822BE2800CADBB7 /* FeedLoaderStub.swift */ = {isa = PBXFileReference; lastKnownFileType = sourcecode.swift; path = FeedLoaderStub.swift; sourceTree = "<group>"; };
		7403517C2822BEBF00CADBB7 /* XCTestCase+FeedLoader.swift */ = {isa = PBXFileReference; lastKnownFileType = sourcecode.swift; path = "XCTestCase+FeedLoader.swift"; sourceTree = "<group>"; };
		740351802822DBF500CADBB7 /* FeedLoaderCacheDecorator.swift */ = {isa = PBXFileReference; lastKnownFileType = sourcecode.swift; path = FeedLoaderCacheDecorator.swift; sourceTree = "<group>"; };
		740D916D286A581A00B62B45 /* UIView+TestHelpers.swift */ = {isa = PBXFileReference; lastKnownFileType = sourcecode.swift; path = "UIView+TestHelpers.swift"; sourceTree = "<group>"; };
		744A3C0328593913001A8E3B /* SceneDelegateTests.swift */ = {isa = PBXFileReference; fileEncoding = 4; lastKnownFileType = sourcecode.swift; path = SceneDelegateTests.swift; sourceTree = "<group>"; };
		744A3C052859397E001A8E3B /* FeedLoaderPresentationAdapter.swift */ = {isa = PBXFileReference; lastKnownFileType = sourcecode.swift; path = FeedLoaderPresentationAdapter.swift; sourceTree = "<group>"; };
		744A3C062859397E001A8E3B /* FeedUIComposer.swift */ = {isa = PBXFileReference; lastKnownFileType = sourcecode.swift; path = FeedUIComposer.swift; sourceTree = "<group>"; };
		744A3C072859397E001A8E3B /* WeakRefVirtualProxy.swift */ = {isa = PBXFileReference; lastKnownFileType = sourcecode.swift; path = WeakRefVirtualProxy.swift; sourceTree = "<group>"; };
		744A3C082859397E001A8E3B /* MainQueueDispatchDecorator.swift */ = {isa = PBXFileReference; lastKnownFileType = sourcecode.swift; path = MainQueueDispatchDecorator.swift; sourceTree = "<group>"; };
		744A3C092859397E001A8E3B /* FeedImageDataLoaderPresentationAdapter.swift */ = {isa = PBXFileReference; lastKnownFileType = sourcecode.swift; path = FeedImageDataLoaderPresentationAdapter.swift; sourceTree = "<group>"; };
		744A3C0A2859397F001A8E3B /* FeedViewAdapter.swift */ = {isa = PBXFileReference; lastKnownFileType = sourcecode.swift; path = FeedViewAdapter.swift; sourceTree = "<group>"; };
		744A3C11285939E0001A8E3B /* FeedUIIntegrationTests+Localization.swift */ = {isa = PBXFileReference; lastKnownFileType = sourcecode.swift; path = "FeedUIIntegrationTests+Localization.swift"; sourceTree = "<group>"; };
		744A3C12285939E0001A8E3B /* FeedUIIntegrationTests+LoaderSpy.swift */ = {isa = PBXFileReference; lastKnownFileType = sourcecode.swift; path = "FeedUIIntegrationTests+LoaderSpy.swift"; sourceTree = "<group>"; };
		744A3C13285939E0001A8E3B /* UIImage+TestHelpers.swift */ = {isa = PBXFileReference; lastKnownFileType = sourcecode.swift; path = "UIImage+TestHelpers.swift"; sourceTree = "<group>"; };
		744A3C14285939E0001A8E3B /* UIButton+TestHelpers.swift */ = {isa = PBXFileReference; lastKnownFileType = sourcecode.swift; path = "UIButton+TestHelpers.swift"; sourceTree = "<group>"; };
		744A3C15285939E0001A8E3B /* UIRefreshControl+TestHelpers.swift */ = {isa = PBXFileReference; lastKnownFileType = sourcecode.swift; path = "UIRefreshControl+TestHelpers.swift"; sourceTree = "<group>"; };
		744A3C16285939E0001A8E3B /* FeedImageCell+TestHelpers.swift */ = {isa = PBXFileReference; lastKnownFileType = sourcecode.swift; path = "FeedImageCell+TestHelpers.swift"; sourceTree = "<group>"; };
		744A3C17285939E1001A8E3B /* UIControl+TestHelpers.swift */ = {isa = PBXFileReference; lastKnownFileType = sourcecode.swift; path = "UIControl+TestHelpers.swift"; sourceTree = "<group>"; };
		744A3C18285939E1001A8E3B /* FeedUIIntegrationTests+Assertions.swift */ = {isa = PBXFileReference; lastKnownFileType = sourcecode.swift; path = "FeedUIIntegrationTests+Assertions.swift"; sourceTree = "<group>"; };
		744A3C19285939E1001A8E3B /* FeedViewController+TestHelpers.swift */ = {isa = PBXFileReference; lastKnownFileType = sourcecode.swift; path = "FeedViewController+TestHelpers.swift"; sourceTree = "<group>"; };
		744A3C2328593A13001A8E3B /* FeedUIIntegrationTests.swift */ = {isa = PBXFileReference; lastKnownFileType = sourcecode.swift; path = FeedUIIntegrationTests.swift; sourceTree = "<group>"; };
		745FC17A286655CC00E48025 /* FeedAcceptanceTests.swift */ = {isa = PBXFileReference; lastKnownFileType = sourcecode.swift; path = FeedAcceptanceTests.swift; sourceTree = "<group>"; };
		745FC17C286669D000E48025 /* HttpClientStub.swift */ = {isa = PBXFileReference; lastKnownFileType = sourcecode.swift; path = HttpClientStub.swift; sourceTree = "<group>"; };
		745FC17E28666A1500E48025 /* InMemoryFeedStore.swift */ = {isa = PBXFileReference; lastKnownFileType = sourcecode.swift; path = InMemoryFeedStore.swift; sourceTree = "<group>"; };
		74913A72280AB5AD009D8321 /* EssentialApp.app */ = {isa = PBXFileReference; explicitFileType = wrapper.application; includeInIndex = 0; path = EssentialApp.app; sourceTree = BUILT_PRODUCTS_DIR; };
		74913A75280AB5AD009D8321 /* AppDelegate.swift */ = {isa = PBXFileReference; lastKnownFileType = sourcecode.swift; path = AppDelegate.swift; sourceTree = "<group>"; };
		74913A77280AB5AD009D8321 /* SceneDelegate.swift */ = {isa = PBXFileReference; lastKnownFileType = sourcecode.swift; path = SceneDelegate.swift; sourceTree = "<group>"; };
		74913A79280AB5AD009D8321 /* ViewController.swift */ = {isa = PBXFileReference; lastKnownFileType = sourcecode.swift; path = ViewController.swift; sourceTree = "<group>"; };
		74913A7C280AB5AD009D8321 /* Base */ = {isa = PBXFileReference; lastKnownFileType = file.storyboard; name = Base; path = Base.lproj/Main.storyboard; sourceTree = "<group>"; };
		74913A7E280AB5AE009D8321 /* Assets.xcassets */ = {isa = PBXFileReference; lastKnownFileType = folder.assetcatalog; path = Assets.xcassets; sourceTree = "<group>"; };
		74913A81280AB5AE009D8321 /* Base */ = {isa = PBXFileReference; lastKnownFileType = file.storyboard; name = Base; path = Base.lproj/LaunchScreen.storyboard; sourceTree = "<group>"; };
		74913A83280AB5AE009D8321 /* Info.plist */ = {isa = PBXFileReference; lastKnownFileType = text.plist.xml; path = Info.plist; sourceTree = "<group>"; };
		74913A88280AB5AF009D8321 /* EssentialAppTests.xctest */ = {isa = PBXFileReference; explicitFileType = wrapper.cfbundle; includeInIndex = 0; path = EssentialAppTests.xctest; sourceTree = BUILT_PRODUCTS_DIR; };
		74913AA6280AB7C5009D8321 /* EssentialFeed.framework */ = {isa = PBXFileReference; explicitFileType = wrapper.framework; path = EssentialFeed.framework; sourceTree = BUILT_PRODUCTS_DIR; };
		74913AA7280AB7C5009D8321 /* EssentialFeediOS.framework */ = {isa = PBXFileReference; explicitFileType = wrapper.framework; path = EssentialFeediOS.framework; sourceTree = BUILT_PRODUCTS_DIR; };
		74A4B3502848121500E3798D /* FeedImageDataLoaderCacheDecoratorTests.swift */ = {isa = PBXFileReference; lastKnownFileType = sourcecode.swift; path = FeedImageDataLoaderCacheDecoratorTests.swift; sourceTree = "<group>"; };
		74A4B352284812C700E3798D /* FeedImageDataLoaderSpy.swift */ = {isa = PBXFileReference; lastKnownFileType = sourcecode.swift; path = FeedImageDataLoaderSpy.swift; sourceTree = "<group>"; };
		74A4B3542848132100E3798D /* XCTestCase+FeedImageDataLoader.swift */ = {isa = PBXFileReference; lastKnownFileType = sourcecode.swift; path = "XCTestCase+FeedImageDataLoader.swift"; sourceTree = "<group>"; };
		74A4B3582848157E00E3798D /* FeedImageDataLoaderCacheDecorator.swift */ = {isa = PBXFileReference; lastKnownFileType = sourcecode.swift; path = FeedImageDataLoaderCacheDecorator.swift; sourceTree = "<group>"; };
		74CC18162820303C006F0432 /* FeedLoaderWithFallbackCompositeTests.swift */ = {isa = PBXFileReference; lastKnownFileType = sourcecode.swift; path = FeedLoaderWithFallbackCompositeTests.swift; sourceTree = "<group>"; };
		74CC18182820645B006F0432 /* XCTestCase+MemoryLeakTracking.swift */ = {isa = PBXFileReference; lastKnownFileType = sourcecode.swift; path = "XCTestCase+MemoryLeakTracking.swift"; sourceTree = "<group>"; };
		74CC181A28207CD3006F0432 /* FeedLoaderWithFallbackComposite.swift */ = {isa = PBXFileReference; lastKnownFileType = sourcecode.swift; path = FeedLoaderWithFallbackComposite.swift; sourceTree = "<group>"; };
		74CC181C28207D4A006F0432 /* FeedImageDataLoaderWithFallbackCompositeTests.swift */ = {isa = PBXFileReference; lastKnownFileType = sourcecode.swift; path = FeedImageDataLoaderWithFallbackCompositeTests.swift; sourceTree = "<group>"; };
		74CC181E28208417006F0432 /* FeedImageDataLoaderWithFallbackComposite.swift */ = {isa = PBXFileReference; lastKnownFileType = sourcecode.swift; path = FeedImageDataLoaderWithFallbackComposite.swift; sourceTree = "<group>"; };
		74CC18212820847C006F0432 /* SharedTestHelpers.swift */ = {isa = PBXFileReference; lastKnownFileType = sourcecode.swift; path = SharedTestHelpers.swift; sourceTree = "<group>"; };
/* End PBXFileReference section */

/* Begin PBXFrameworksBuildPhase section */
		74913A6F280AB5AD009D8321 /* Frameworks */ = {
			isa = PBXFrameworksBuildPhase;
			buildActionMask = 2147483647;
			files = (
				74913AA8280AB7C5009D8321 /* EssentialFeed.framework in Frameworks */,
				74913AAA280AB7C5009D8321 /* EssentialFeediOS.framework in Frameworks */,
			);
			runOnlyForDeploymentPostprocessing = 0;
		};
		74913A85280AB5AF009D8321 /* Frameworks */ = {
			isa = PBXFrameworksBuildPhase;
			buildActionMask = 2147483647;
			files = (
			);
			runOnlyForDeploymentPostprocessing = 0;
		};
/* End PBXFrameworksBuildPhase section */

/* Begin PBXGroup section */
		74913A69280AB5AD009D8321 = {
			isa = PBXGroup;
			children = (
				74913A74280AB5AD009D8321 /* EssentialApp */,
				74913A8B280AB5AF009D8321 /* EssentialAppTests */,
				74913A73280AB5AD009D8321 /* Products */,
				74913AA5280AB7C5009D8321 /* Frameworks */,
			);
			sourceTree = "<group>";
		};
		74913A73280AB5AD009D8321 /* Products */ = {
			isa = PBXGroup;
			children = (
				74913A72280AB5AD009D8321 /* EssentialApp.app */,
				74913A88280AB5AF009D8321 /* EssentialAppTests.xctest */,
			);
			name = Products;
			sourceTree = "<group>";
		};
		74913A74280AB5AD009D8321 /* EssentialApp */ = {
			isa = PBXGroup;
			children = (
				74913A75280AB5AD009D8321 /* AppDelegate.swift */,
				74913A77280AB5AD009D8321 /* SceneDelegate.swift */,
				74913A79280AB5AD009D8321 /* ViewController.swift */,
				74CC181A28207CD3006F0432 /* FeedLoaderWithFallbackComposite.swift */,
				74CC181E28208417006F0432 /* FeedImageDataLoaderWithFallbackComposite.swift */,
				740351802822DBF500CADBB7 /* FeedLoaderCacheDecorator.swift */,
				74A4B3582848157E00E3798D /* FeedImageDataLoaderCacheDecorator.swift */,
				744A3C062859397E001A8E3B /* FeedUIComposer.swift */,
				744A3C082859397E001A8E3B /* MainQueueDispatchDecorator.swift */,
				744A3C072859397E001A8E3B /* WeakRefVirtualProxy.swift */,
				744A3C092859397E001A8E3B /* FeedImageDataLoaderPresentationAdapter.swift */,
				744A3C052859397E001A8E3B /* FeedLoaderPresentationAdapter.swift */,
				744A3C0A2859397F001A8E3B /* FeedViewAdapter.swift */,
				74913A7B280AB5AD009D8321 /* Main.storyboard */,
				74913A7E280AB5AE009D8321 /* Assets.xcassets */,
				74913A80280AB5AE009D8321 /* LaunchScreen.storyboard */,
				74913A83280AB5AE009D8321 /* Info.plist */,
			);
			path = EssentialApp;
			sourceTree = "<group>";
		};
		74913A8B280AB5AF009D8321 /* EssentialAppTests */ = {
			isa = PBXGroup;
			children = (
				74CC182028208463006F0432 /* Helpers */,
				744A3C2328593A13001A8E3B /* FeedUIIntegrationTests.swift */,
				744A3C0328593913001A8E3B /* SceneDelegateTests.swift */,
				745FC17A286655CC00E48025 /* FeedAcceptanceTests.swift */,
				74CC18162820303C006F0432 /* FeedLoaderWithFallbackCompositeTests.swift */,
				74CC181C28207D4A006F0432 /* FeedImageDataLoaderWithFallbackCompositeTests.swift */,
				740351782822BD0300CADBB7 /* FeedLoaderCacheDecorator.swift */,
				74A4B3502848121500E3798D /* FeedImageDataLoaderCacheDecoratorTests.swift */,
			);
			path = EssentialAppTests;
			sourceTree = "<group>";
		};
		74913AA5280AB7C5009D8321 /* Frameworks */ = {
			isa = PBXGroup;
			children = (
				74913AA6280AB7C5009D8321 /* EssentialFeed.framework */,
				74913AA7280AB7C5009D8321 /* EssentialFeediOS.framework */,
			);
			name = Frameworks;
			sourceTree = "<group>";
		};
		74CC182028208463006F0432 /* Helpers */ = {
			isa = PBXGroup;
			children = (
				74CC18182820645B006F0432 /* XCTestCase+MemoryLeakTracking.swift */,
				7403517C2822BEBF00CADBB7 /* XCTestCase+FeedLoader.swift */,
				74A4B3542848132100E3798D /* XCTestCase+FeedImageDataLoader.swift */,
				74CC18212820847C006F0432 /* SharedTestHelpers.swift */,
				7403517A2822BE2800CADBB7 /* FeedLoaderStub.swift */,
				74A4B352284812C700E3798D /* FeedImageDataLoaderSpy.swift */,
				744A3C13285939E0001A8E3B /* UIImage+TestHelpers.swift */,
				744A3C15285939E0001A8E3B /* UIRefreshControl+TestHelpers.swift */,
				744A3C14285939E0001A8E3B /* UIButton+TestHelpers.swift */,
				744A3C17285939E1001A8E3B /* UIControl+TestHelpers.swift */,
				744A3C19285939E1001A8E3B /* FeedViewController+TestHelpers.swift */,
				744A3C16285939E0001A8E3B /* FeedImageCell+TestHelpers.swift */,
				744A3C12285939E0001A8E3B /* FeedUIIntegrationTests+LoaderSpy.swift */,
				744A3C18285939E1001A8E3B /* FeedUIIntegrationTests+Assertions.swift */,
				744A3C11285939E0001A8E3B /* FeedUIIntegrationTests+Localization.swift */,
				745FC17C286669D000E48025 /* HttpClientStub.swift */,
				745FC17E28666A1500E48025 /* InMemoryFeedStore.swift */,
				740D916D286A581A00B62B45 /* UIView+TestHelpers.swift */,
			);
			path = Helpers;
			sourceTree = "<group>";
		};
/* End PBXGroup section */

/* Begin PBXNativeTarget section */
		74913A71280AB5AD009D8321 /* EssentialApp */ = {
			isa = PBXNativeTarget;
			buildConfigurationList = 74913A9C280AB5AF009D8321 /* Build configuration list for PBXNativeTarget "EssentialApp" */;
			buildPhases = (
				74913A6E280AB5AD009D8321 /* Sources */,
				74913A6F280AB5AD009D8321 /* Frameworks */,
				74913A70280AB5AD009D8321 /* Resources */,
				74913AAC280AB7C5009D8321 /* Embed Frameworks */,
			);
			buildRules = (
			);
			dependencies = (
			);
			name = EssentialApp;
			productName = EssentialApp;
			productReference = 74913A72280AB5AD009D8321 /* EssentialApp.app */;
			productType = "com.apple.product-type.application";
		};
		74913A87280AB5AF009D8321 /* EssentialAppTests */ = {
			isa = PBXNativeTarget;
			buildConfigurationList = 74913A9F280AB5AF009D8321 /* Build configuration list for PBXNativeTarget "EssentialAppTests" */;
			buildPhases = (
				74913A84280AB5AF009D8321 /* Sources */,
				74913A85280AB5AF009D8321 /* Frameworks */,
				74913A86280AB5AF009D8321 /* Resources */,
			);
			buildRules = (
			);
			dependencies = (
				74913A8A280AB5AF009D8321 /* PBXTargetDependency */,
			);
			name = EssentialAppTests;
			productName = EssentialAppTests;
			productReference = 74913A88280AB5AF009D8321 /* EssentialAppTests.xctest */;
			productType = "com.apple.product-type.bundle.unit-test";
		};
/* End PBXNativeTarget section */

/* Begin PBXProject section */
		74913A6A280AB5AD009D8321 /* Project object */ = {
			isa = PBXProject;
			attributes = {
				BuildIndependentTargetsInParallel = 1;
				LastSwiftUpdateCheck = 1340;
				LastUpgradeCheck = 1330;
				TargetAttributes = {
					74913A71280AB5AD009D8321 = {
						CreatedOnToolsVersion = 13.3.1;
					};
					74913A87280AB5AF009D8321 = {
						CreatedOnToolsVersion = 13.3.1;
						TestTargetID = 74913A71280AB5AD009D8321;
					};
				};
			};
			buildConfigurationList = 74913A6D280AB5AD009D8321 /* Build configuration list for PBXProject "EssentialApp" */;
			compatibilityVersion = "Xcode 13.0";
			developmentRegion = en;
			hasScannedForEncodings = 0;
			knownRegions = (
				en,
				Base,
			);
			mainGroup = 74913A69280AB5AD009D8321;
			productRefGroup = 74913A73280AB5AD009D8321 /* Products */;
			projectDirPath = "";
			projectRoot = "";
			targets = (
				74913A71280AB5AD009D8321 /* EssentialApp */,
				74913A87280AB5AF009D8321 /* EssentialAppTests */,
			);
		};
/* End PBXProject section */

/* Begin PBXResourcesBuildPhase section */
		74913A70280AB5AD009D8321 /* Resources */ = {
			isa = PBXResourcesBuildPhase;
			buildActionMask = 2147483647;
			files = (
				74913A82280AB5AE009D8321 /* LaunchScreen.storyboard in Resources */,
				74913A7F280AB5AE009D8321 /* Assets.xcassets in Resources */,
				74913A7D280AB5AD009D8321 /* Main.storyboard in Resources */,
			);
			runOnlyForDeploymentPostprocessing = 0;
		};
		74913A86280AB5AF009D8321 /* Resources */ = {
			isa = PBXResourcesBuildPhase;
			buildActionMask = 2147483647;
			files = (
			);
			runOnlyForDeploymentPostprocessing = 0;
		};
/* End PBXResourcesBuildPhase section */

/* Begin PBXSourcesBuildPhase section */
		74913A6E280AB5AD009D8321 /* Sources */ = {
			isa = PBXSourcesBuildPhase;
			buildActionMask = 2147483647;
			files = (
				744A3C0D2859397F001A8E3B /* FeedLoaderPresentationAdapter.swift in Sources */,
				74913A7A280AB5AD009D8321 /* ViewController.swift in Sources */,
				744A3C102859397F001A8E3B /* FeedImageDataLoaderPresentationAdapter.swift in Sources */,
				744A3C0B2859397F001A8E3B /* FeedUIComposer.swift in Sources */,
				744A3C0C2859397F001A8E3B /* WeakRefVirtualProxy.swift in Sources */,
				744A3C0E2859397F001A8E3B /* FeedViewAdapter.swift in Sources */,
				744A3C0F2859397F001A8E3B /* MainQueueDispatchDecorator.swift in Sources */,
				74913A76280AB5AD009D8321 /* AppDelegate.swift in Sources */,
				74CC181B28207CD3006F0432 /* FeedLoaderWithFallbackComposite.swift in Sources */,
				740351812822DBF500CADBB7 /* FeedLoaderCacheDecorator.swift in Sources */,
				74913A78280AB5AD009D8321 /* SceneDelegate.swift in Sources */,
				74CC181F28208417006F0432 /* FeedImageDataLoaderWithFallbackComposite.swift in Sources */,
				74A4B3592848157E00E3798D /* FeedImageDataLoaderCacheDecorator.swift in Sources */,
			);
			runOnlyForDeploymentPostprocessing = 0;
		};
		74913A84280AB5AF009D8321 /* Sources */ = {
			isa = PBXSourcesBuildPhase;
			buildActionMask = 2147483647;
			files = (
				74CC18222820847C006F0432 /* SharedTestHelpers.swift in Sources */,
				74A4B3512848121500E3798D /* FeedImageDataLoaderCacheDecoratorTests.swift in Sources */,
				7403517D2822BEBF00CADBB7 /* XCTestCase+FeedLoader.swift in Sources */,
				744A3C1E285939E1001A8E3B /* UIControl+TestHelpers.swift in Sources */,
				74A4B3552848132100E3798D /* XCTestCase+FeedImageDataLoader.swift in Sources */,
				744A3C0428593913001A8E3B /* SceneDelegateTests.swift in Sources */,
				744A3C1C285939E1001A8E3B /* FeedImageCell+TestHelpers.swift in Sources */,
				744A3C1A285939E1001A8E3B /* UIButton+TestHelpers.swift in Sources */,
				74CC18172820303C006F0432 /* FeedLoaderWithFallbackCompositeTests.swift in Sources */,
				744A3C22285939E1001A8E3B /* FeedUIIntegrationTests+Assertions.swift in Sources */,
				744A3C1F285939E1001A8E3B /* UIImage+TestHelpers.swift in Sources */,
				745FC17F28666A1500E48025 /* InMemoryFeedStore.swift in Sources */,
				74A4B353284812C700E3798D /* FeedImageDataLoaderSpy.swift in Sources */,
				74CC18192820645B006F0432 /* XCTestCase+MemoryLeakTracking.swift in Sources */,
				740351792822BD0300CADBB7 /* FeedLoaderCacheDecorator.swift in Sources */,
				744A3C20285939E1001A8E3B /* UIRefreshControl+TestHelpers.swift in Sources */,
				744A3C21285939E1001A8E3B /* FeedUIIntegrationTests+Localization.swift in Sources */,
				744A3C1B285939E1001A8E3B /* FeedUIIntegrationTests+LoaderSpy.swift in Sources */,
				740D916E286A581A00B62B45 /* UIView+TestHelpers.swift in Sources */,
				7403517B2822BE2800CADBB7 /* FeedLoaderStub.swift in Sources */,
				745FC17B286655CC00E48025 /* FeedAcceptanceTests.swift in Sources */,
				744A3C1D285939E1001A8E3B /* FeedViewController+TestHelpers.swift in Sources */,
				745FC17D286669D000E48025 /* HttpClientStub.swift in Sources */,
				744A3C2428593A13001A8E3B /* FeedUIIntegrationTests.swift in Sources */,
				74CC181D28207D4A006F0432 /* FeedImageDataLoaderWithFallbackCompositeTests.swift in Sources */,
			);
			runOnlyForDeploymentPostprocessing = 0;
		};
/* End PBXSourcesBuildPhase section */

/* Begin PBXTargetDependency section */
		74913A8A280AB5AF009D8321 /* PBXTargetDependency */ = {
			isa = PBXTargetDependency;
			target = 74913A71280AB5AD009D8321 /* EssentialApp */;
			targetProxy = 74913A89280AB5AF009D8321 /* PBXContainerItemProxy */;
		};
/* End PBXTargetDependency section */

/* Begin PBXVariantGroup section */
		74913A7B280AB5AD009D8321 /* Main.storyboard */ = {
			isa = PBXVariantGroup;
			children = (
				74913A7C280AB5AD009D8321 /* Base */,
			);
			name = Main.storyboard;
			sourceTree = "<group>";
		};
		74913A80280AB5AE009D8321 /* LaunchScreen.storyboard */ = {
			isa = PBXVariantGroup;
			children = (
				74913A81280AB5AE009D8321 /* Base */,
			);
			name = LaunchScreen.storyboard;
			sourceTree = "<group>";
		};
/* End PBXVariantGroup section */

/* Begin XCBuildConfiguration section */
		74913A9A280AB5AF009D8321 /* Debug */ = {
			isa = XCBuildConfiguration;
			buildSettings = {
				ALWAYS_SEARCH_USER_PATHS = NO;
				CLANG_ANALYZER_NONNULL = YES;
				CLANG_ANALYZER_NUMBER_OBJECT_CONVERSION = YES_AGGRESSIVE;
				CLANG_CXX_LANGUAGE_STANDARD = "gnu++17";
				CLANG_ENABLE_MODULES = YES;
				CLANG_ENABLE_OBJC_ARC = YES;
				CLANG_ENABLE_OBJC_WEAK = YES;
				CLANG_WARN_BLOCK_CAPTURE_AUTORELEASING = YES;
				CLANG_WARN_BOOL_CONVERSION = YES;
				CLANG_WARN_COMMA = YES;
				CLANG_WARN_CONSTANT_CONVERSION = YES;
				CLANG_WARN_DEPRECATED_OBJC_IMPLEMENTATIONS = YES;
				CLANG_WARN_DIRECT_OBJC_ISA_USAGE = YES_ERROR;
				CLANG_WARN_DOCUMENTATION_COMMENTS = YES;
				CLANG_WARN_EMPTY_BODY = YES;
				CLANG_WARN_ENUM_CONVERSION = YES;
				CLANG_WARN_INFINITE_RECURSION = YES;
				CLANG_WARN_INT_CONVERSION = YES;
				CLANG_WARN_NON_LITERAL_NULL_CONVERSION = YES;
				CLANG_WARN_OBJC_IMPLICIT_RETAIN_SELF = YES;
				CLANG_WARN_OBJC_LITERAL_CONVERSION = YES;
				CLANG_WARN_OBJC_ROOT_CLASS = YES_ERROR;
				CLANG_WARN_QUOTED_INCLUDE_IN_FRAMEWORK_HEADER = YES;
				CLANG_WARN_RANGE_LOOP_ANALYSIS = YES;
				CLANG_WARN_STRICT_PROTOTYPES = YES;
				CLANG_WARN_SUSPICIOUS_MOVE = YES;
				CLANG_WARN_UNGUARDED_AVAILABILITY = YES_AGGRESSIVE;
				CLANG_WARN_UNREACHABLE_CODE = YES;
				CLANG_WARN__DUPLICATE_METHOD_MATCH = YES;
				COPY_PHASE_STRIP = NO;
				DEBUG_INFORMATION_FORMAT = dwarf;
				ENABLE_STRICT_OBJC_MSGSEND = YES;
				ENABLE_TESTABILITY = YES;
				GCC_C_LANGUAGE_STANDARD = gnu11;
				GCC_DYNAMIC_NO_PIC = NO;
				GCC_NO_COMMON_BLOCKS = YES;
				GCC_OPTIMIZATION_LEVEL = 0;
				GCC_PREPROCESSOR_DEFINITIONS = (
					"DEBUG=1",
					"$(inherited)",
				);
				GCC_WARN_64_TO_32_BIT_CONVERSION = YES;
				GCC_WARN_ABOUT_RETURN_TYPE = YES_ERROR;
				GCC_WARN_UNDECLARED_SELECTOR = YES;
				GCC_WARN_UNINITIALIZED_AUTOS = YES_AGGRESSIVE;
				GCC_WARN_UNUSED_FUNCTION = YES;
				GCC_WARN_UNUSED_VARIABLE = YES;
				IPHONEOS_DEPLOYMENT_TARGET = 15.4;
				MTL_ENABLE_DEBUG_INFO = INCLUDE_SOURCE;
				MTL_FAST_MATH = YES;
				ONLY_ACTIVE_ARCH = YES;
				SDKROOT = iphoneos;
				SWIFT_ACTIVE_COMPILATION_CONDITIONS = DEBUG;
				SWIFT_OPTIMIZATION_LEVEL = "-Onone";
			};
			name = Debug;
		};
		74913A9B280AB5AF009D8321 /* Release */ = {
			isa = XCBuildConfiguration;
			buildSettings = {
				ALWAYS_SEARCH_USER_PATHS = NO;
				CLANG_ANALYZER_NONNULL = YES;
				CLANG_ANALYZER_NUMBER_OBJECT_CONVERSION = YES_AGGRESSIVE;
				CLANG_CXX_LANGUAGE_STANDARD = "gnu++17";
				CLANG_ENABLE_MODULES = YES;
				CLANG_ENABLE_OBJC_ARC = YES;
				CLANG_ENABLE_OBJC_WEAK = YES;
				CLANG_WARN_BLOCK_CAPTURE_AUTORELEASING = YES;
				CLANG_WARN_BOOL_CONVERSION = YES;
				CLANG_WARN_COMMA = YES;
				CLANG_WARN_CONSTANT_CONVERSION = YES;
				CLANG_WARN_DEPRECATED_OBJC_IMPLEMENTATIONS = YES;
				CLANG_WARN_DIRECT_OBJC_ISA_USAGE = YES_ERROR;
				CLANG_WARN_DOCUMENTATION_COMMENTS = YES;
				CLANG_WARN_EMPTY_BODY = YES;
				CLANG_WARN_ENUM_CONVERSION = YES;
				CLANG_WARN_INFINITE_RECURSION = YES;
				CLANG_WARN_INT_CONVERSION = YES;
				CLANG_WARN_NON_LITERAL_NULL_CONVERSION = YES;
				CLANG_WARN_OBJC_IMPLICIT_RETAIN_SELF = YES;
				CLANG_WARN_OBJC_LITERAL_CONVERSION = YES;
				CLANG_WARN_OBJC_ROOT_CLASS = YES_ERROR;
				CLANG_WARN_QUOTED_INCLUDE_IN_FRAMEWORK_HEADER = YES;
				CLANG_WARN_RANGE_LOOP_ANALYSIS = YES;
				CLANG_WARN_STRICT_PROTOTYPES = YES;
				CLANG_WARN_SUSPICIOUS_MOVE = YES;
				CLANG_WARN_UNGUARDED_AVAILABILITY = YES_AGGRESSIVE;
				CLANG_WARN_UNREACHABLE_CODE = YES;
				CLANG_WARN__DUPLICATE_METHOD_MATCH = YES;
				COPY_PHASE_STRIP = NO;
				DEBUG_INFORMATION_FORMAT = "dwarf-with-dsym";
				ENABLE_NS_ASSERTIONS = NO;
				ENABLE_STRICT_OBJC_MSGSEND = YES;
				GCC_C_LANGUAGE_STANDARD = gnu11;
				GCC_NO_COMMON_BLOCKS = YES;
				GCC_WARN_64_TO_32_BIT_CONVERSION = YES;
				GCC_WARN_ABOUT_RETURN_TYPE = YES_ERROR;
				GCC_WARN_UNDECLARED_SELECTOR = YES;
				GCC_WARN_UNINITIALIZED_AUTOS = YES_AGGRESSIVE;
				GCC_WARN_UNUSED_FUNCTION = YES;
				GCC_WARN_UNUSED_VARIABLE = YES;
				IPHONEOS_DEPLOYMENT_TARGET = 15.4;
				MTL_ENABLE_DEBUG_INFO = NO;
				MTL_FAST_MATH = YES;
				SDKROOT = iphoneos;
				SWIFT_COMPILATION_MODE = wholemodule;
				SWIFT_OPTIMIZATION_LEVEL = "-O";
				VALIDATE_PRODUCT = YES;
			};
			name = Release;
		};
		74913A9D280AB5AF009D8321 /* Debug */ = {
			isa = XCBuildConfiguration;
			buildSettings = {
				ASSETCATALOG_COMPILER_APPICON_NAME = AppIcon;
				ASSETCATALOG_COMPILER_GLOBAL_ACCENT_COLOR_NAME = AccentColor;
				CODE_SIGN_STYLE = Automatic;
				CURRENT_PROJECT_VERSION = 1;
				DEVELOPMENT_TEAM = W5ZZPB5BG7;
				GENERATE_INFOPLIST_FILE = YES;
				INFOPLIST_FILE = EssentialApp/Info.plist;
				INFOPLIST_KEY_UIApplicationSupportsIndirectInputEvents = YES;
				INFOPLIST_KEY_UILaunchStoryboardName = LaunchScreen;
				INFOPLIST_KEY_UIMainStoryboardFile = Main;
				INFOPLIST_KEY_UISupportedInterfaceOrientations = UIInterfaceOrientationPortrait;
				INFOPLIST_KEY_UISupportedInterfaceOrientations_iPad = "UIInterfaceOrientationPortrait UIInterfaceOrientationPortraitUpsideDown UIInterfaceOrientationLandscapeLeft UIInterfaceOrientationLandscapeRight";
				INFOPLIST_KEY_UISupportedInterfaceOrientations_iPhone = "UIInterfaceOrientationPortrait UIInterfaceOrientationLandscapeLeft UIInterfaceOrientationLandscapeRight";
				IPHONEOS_DEPLOYMENT_TARGET = 15.0;
				LD_RUNPATH_SEARCH_PATHS = (
					"$(inherited)",
					"@executable_path/Frameworks",
				);
				MARKETING_VERSION = 1.0;
				PRODUCT_BUNDLE_IDENTIFIER = "ru.mikhail-chelbaev.EssentialApp";
				PRODUCT_NAME = "$(TARGET_NAME)";
				SWIFT_EMIT_LOC_STRINGS = YES;
				SWIFT_VERSION = 5.0;
				TARGETED_DEVICE_FAMILY = "1,2";
			};
			name = Debug;
		};
		74913A9E280AB5AF009D8321 /* Release */ = {
			isa = XCBuildConfiguration;
			buildSettings = {
				ASSETCATALOG_COMPILER_APPICON_NAME = AppIcon;
				ASSETCATALOG_COMPILER_GLOBAL_ACCENT_COLOR_NAME = AccentColor;
				CODE_SIGN_STYLE = Automatic;
				CURRENT_PROJECT_VERSION = 1;
				DEVELOPMENT_TEAM = W5ZZPB5BG7;
				GENERATE_INFOPLIST_FILE = YES;
				INFOPLIST_FILE = EssentialApp/Info.plist;
				INFOPLIST_KEY_UIApplicationSupportsIndirectInputEvents = YES;
				INFOPLIST_KEY_UILaunchStoryboardName = LaunchScreen;
				INFOPLIST_KEY_UIMainStoryboardFile = Main;
				INFOPLIST_KEY_UISupportedInterfaceOrientations = UIInterfaceOrientationPortrait;
				INFOPLIST_KEY_UISupportedInterfaceOrientations_iPad = "UIInterfaceOrientationPortrait UIInterfaceOrientationPortraitUpsideDown UIInterfaceOrientationLandscapeLeft UIInterfaceOrientationLandscapeRight";
				INFOPLIST_KEY_UISupportedInterfaceOrientations_iPhone = "UIInterfaceOrientationPortrait UIInterfaceOrientationLandscapeLeft UIInterfaceOrientationLandscapeRight";
				IPHONEOS_DEPLOYMENT_TARGET = 15.0;
				LD_RUNPATH_SEARCH_PATHS = (
					"$(inherited)",
					"@executable_path/Frameworks",
				);
				MARKETING_VERSION = 1.0;
				PRODUCT_BUNDLE_IDENTIFIER = "ru.mikhail-chelbaev.EssentialApp";
				PRODUCT_NAME = "$(TARGET_NAME)";
				SWIFT_EMIT_LOC_STRINGS = YES;
				SWIFT_VERSION = 5.0;
				TARGETED_DEVICE_FAMILY = "1,2";
			};
			name = Release;
		};
		74913AA0280AB5AF009D8321 /* Debug */ = {
			isa = XCBuildConfiguration;
			buildSettings = {
				ALWAYS_EMBED_SWIFT_STANDARD_LIBRARIES = YES;
				BUNDLE_LOADER = "$(TEST_HOST)";
				CODE_SIGN_STYLE = Automatic;
				CURRENT_PROJECT_VERSION = 1;
				DEVELOPMENT_TEAM = W5ZZPB5BG7;
				GENERATE_INFOPLIST_FILE = YES;
				IPHONEOS_DEPLOYMENT_TARGET = 15.4;
				MARKETING_VERSION = 1.0;
				PRODUCT_BUNDLE_IDENTIFIER = "ru.mikhail-chelbaev.EssentialAppTests";
				PRODUCT_NAME = "$(TARGET_NAME)";
				SWIFT_EMIT_LOC_STRINGS = NO;
				SWIFT_VERSION = 5.0;
				TARGETED_DEVICE_FAMILY = "1,2";
				TEST_HOST = "$(BUILT_PRODUCTS_DIR)/EssentialApp.app/EssentialApp";
			};
			name = Debug;
		};
		74913AA1280AB5AF009D8321 /* Release */ = {
			isa = XCBuildConfiguration;
			buildSettings = {
				ALWAYS_EMBED_SWIFT_STANDARD_LIBRARIES = YES;
				BUNDLE_LOADER = "$(TEST_HOST)";
				CODE_SIGN_STYLE = Automatic;
				CURRENT_PROJECT_VERSION = 1;
				DEVELOPMENT_TEAM = W5ZZPB5BG7;
				GENERATE_INFOPLIST_FILE = YES;
				IPHONEOS_DEPLOYMENT_TARGET = 15.4;
				MARKETING_VERSION = 1.0;
				PRODUCT_BUNDLE_IDENTIFIER = "ru.mikhail-chelbaev.EssentialAppTests";
				PRODUCT_NAME = "$(TARGET_NAME)";
				SWIFT_EMIT_LOC_STRINGS = NO;
				SWIFT_VERSION = 5.0;
				TARGETED_DEVICE_FAMILY = "1,2";
				TEST_HOST = "$(BUILT_PRODUCTS_DIR)/EssentialApp.app/EssentialApp";
			};
			name = Release;
		};
/* End XCBuildConfiguration section */

/* Begin XCConfigurationList section */
		74913A6D280AB5AD009D8321 /* Build configuration list for PBXProject "EssentialApp" */ = {
			isa = XCConfigurationList;
			buildConfigurations = (
				74913A9A280AB5AF009D8321 /* Debug */,
				74913A9B280AB5AF009D8321 /* Release */,
			);
			defaultConfigurationIsVisible = 0;
			defaultConfigurationName = Release;
		};
		74913A9C280AB5AF009D8321 /* Build configuration list for PBXNativeTarget "EssentialApp" */ = {
			isa = XCConfigurationList;
			buildConfigurations = (
				74913A9D280AB5AF009D8321 /* Debug */,
				74913A9E280AB5AF009D8321 /* Release */,
			);
			defaultConfigurationIsVisible = 0;
			defaultConfigurationName = Release;
		};
		74913A9F280AB5AF009D8321 /* Build configuration list for PBXNativeTarget "EssentialAppTests" */ = {
			isa = XCConfigurationList;
			buildConfigurations = (
				74913AA0280AB5AF009D8321 /* Debug */,
				74913AA1280AB5AF009D8321 /* Release */,
			);
			defaultConfigurationIsVisible = 0;
			defaultConfigurationName = Release;
		};
/* End XCConfigurationList section */
	};
	rootObject = 74913A6A280AB5AD009D8321 /* Project object */;
}
